// !$*UTF8*$!
{
	archiveVersion = 1;
	classes = {
	};
	objectVersion = 46;
	objects = {

/* Begin PBXBuildFile section */
		CB1650801A3164E200AB25DD /* MoviePreviewView.swift in Sources */ = {isa = PBXBuildFile; fileRef = CB16507F1A3164E200AB25DD /* MoviePreviewView.swift */; };
		CB1650821A31652700AB25DD /* EditMovie1ViewController.swift in Sources */ = {isa = PBXBuildFile; fileRef = CB1650811A31652700AB25DD /* EditMovie1ViewController.swift */; };
		CB1CF79F1A8482A500CCF560 /* BorderTextView.swift in Sources */ = {isa = PBXBuildFile; fileRef = CB1CF79E1A8482A500CCF560 /* BorderTextView.swift */; };
		CB1CF7DF1A84EE3D00CCF560 /* SystemConfiguration.framework in Frameworks */ = {isa = PBXBuildFile; fileRef = CB1CF7DE1A84EE3D00CCF560 /* SystemConfiguration.framework */; };
		CB1CF7E11A84EE4B00CCF560 /* QuartzCore.framework in Frameworks */ = {isa = PBXBuildFile; fileRef = CB1CF7E01A84EE4B00CCF560 /* QuartzCore.framework */; };
		CB1CF7E31A84EE5600CCF560 /* CoreTelephony.framework in Frameworks */ = {isa = PBXBuildFile; fileRef = CB1CF7E21A84EE5600CCF560 /* CoreTelephony.framework */; };
		CB1CF7E51A84EE6200CCF560 /* libicucore.dylib in Frameworks */ = {isa = PBXBuildFile; fileRef = CB1CF7E41A84EE6200CCF560 /* libicucore.dylib */; };
		CB1CF7E91A84EE7A00CCF560 /* libz.1.2.5.dylib in Frameworks */ = {isa = PBXBuildFile; fileRef = CB1CF7E81A84EE7A00CCF560 /* libz.1.2.5.dylib */; };
		CB1CF7EB1A84EE8300CCF560 /* Security.framework in Frameworks */ = {isa = PBXBuildFile; fileRef = CB1CF7EA1A84EE8300CCF560 /* Security.framework */; };
		CB1E9F6B1AC0076E00D32C8E /* VideoMasterCell.swift in Sources */ = {isa = PBXBuildFile; fileRef = CB1E9F6A1AC0076E00D32C8E /* VideoMasterCell.swift */; };
		CB2645911AA9CD040062073A /* Social.framework in Frameworks */ = {isa = PBXBuildFile; fileRef = CB2645901AA9CD040062073A /* Social.framework */; };
		CB2645931AA9CD120062073A /* Accounts.framework in Frameworks */ = {isa = PBXBuildFile; fileRef = CB2645921AA9CD120062073A /* Accounts.framework */; };
		CB2BD8881AB969CA008D5C37 /* AccountUtils.swift in Sources */ = {isa = PBXBuildFile; fileRef = CB2BD8871AB969CA008D5C37 /* AccountUtils.swift */; };
		CB2BD8921ABA7FB2008D5C37 /* SAResizibleBubble.m in Sources */ = {isa = PBXBuildFile; fileRef = CB2BD88B1ABA7FB2008D5C37 /* SAResizibleBubble.m */; };
		CB2BD8931ABA7FB2008D5C37 /* SASliderLeft.m in Sources */ = {isa = PBXBuildFile; fileRef = CB2BD88D1ABA7FB2008D5C37 /* SASliderLeft.m */; };
		CB2BD8941ABA7FB2008D5C37 /* SASliderRight.m in Sources */ = {isa = PBXBuildFile; fileRef = CB2BD88F1ABA7FB2008D5C37 /* SASliderRight.m */; };
		CB2BD8951ABA7FB2008D5C37 /* SAVideoRangeSlider.m in Sources */ = {isa = PBXBuildFile; fileRef = CB2BD8911ABA7FB2008D5C37 /* SAVideoRangeSlider.m */; };
		CB2BD8971ABA7FE9008D5C37 /* CoreMedia.framework in Frameworks */ = {isa = PBXBuildFile; fileRef = CB2BD8961ABA7FE9008D5C37 /* CoreMedia.framework */; };
		CB2BD8991ABAB13D008D5C37 /* test.swift in Sources */ = {isa = PBXBuildFile; fileRef = CB2BD8981ABAB13D008D5C37 /* test.swift */; };
		CB2BD89E1ABAB7FD008D5C37 /* ViewController.m in Sources */ = {isa = PBXBuildFile; fileRef = CB2BD89D1ABAB7FD008D5C37 /* ViewController.m */; };
		CB2BD8C11ABBC24E008D5C37 /* MKAnnotationView+WebCache.m in Sources */ = {isa = PBXBuildFile; fileRef = CB2BD8A11ABBC24E008D5C37 /* MKAnnotationView+WebCache.m */; };
		CB2BD8C21ABBC24E008D5C37 /* NSData+ImageContentType.m in Sources */ = {isa = PBXBuildFile; fileRef = CB2BD8A31ABBC24E008D5C37 /* NSData+ImageContentType.m */; };
		CB2BD8C31ABBC24E008D5C37 /* SDImageCache.m in Sources */ = {isa = PBXBuildFile; fileRef = CB2BD8A51ABBC24E008D5C37 /* SDImageCache.m */; };
		CB2BD8C41ABBC24E008D5C37 /* SDWebImageCompat.m in Sources */ = {isa = PBXBuildFile; fileRef = CB2BD8A71ABBC24E008D5C37 /* SDWebImageCompat.m */; };
		CB2BD8C51ABBC24E008D5C37 /* SDWebImageDecoder.m in Sources */ = {isa = PBXBuildFile; fileRef = CB2BD8A91ABBC24E008D5C37 /* SDWebImageDecoder.m */; };
		CB2BD8C61ABBC24E008D5C37 /* SDWebImageDownloader.m in Sources */ = {isa = PBXBuildFile; fileRef = CB2BD8AB1ABBC24E008D5C37 /* SDWebImageDownloader.m */; };
		CB2BD8C71ABBC24E008D5C37 /* SDWebImageDownloaderOperation.m in Sources */ = {isa = PBXBuildFile; fileRef = CB2BD8AD1ABBC24E008D5C37 /* SDWebImageDownloaderOperation.m */; };
		CB2BD8C81ABBC24E008D5C37 /* SDWebImageManager.m in Sources */ = {isa = PBXBuildFile; fileRef = CB2BD8AF1ABBC24E008D5C37 /* SDWebImageManager.m */; };
		CB2BD8C91ABBC24E008D5C37 /* SDWebImagePrefetcher.m in Sources */ = {isa = PBXBuildFile; fileRef = CB2BD8B21ABBC24E008D5C37 /* SDWebImagePrefetcher.m */; };
		CB2BD8CA1ABBC24E008D5C37 /* UIButton+WebCache.m in Sources */ = {isa = PBXBuildFile; fileRef = CB2BD8B41ABBC24E008D5C37 /* UIButton+WebCache.m */; };
		CB2BD8CB1ABBC24E008D5C37 /* UIImage+GIF.m in Sources */ = {isa = PBXBuildFile; fileRef = CB2BD8B61ABBC24E008D5C37 /* UIImage+GIF.m */; };
		CB2BD8CC1ABBC24E008D5C37 /* UIImage+MultiFormat.m in Sources */ = {isa = PBXBuildFile; fileRef = CB2BD8B81ABBC24E008D5C37 /* UIImage+MultiFormat.m */; };
		CB2BD8CD1ABBC24E008D5C37 /* UIImage+WebP.m in Sources */ = {isa = PBXBuildFile; fileRef = CB2BD8BA1ABBC24E008D5C37 /* UIImage+WebP.m */; };
		CB2BD8CE1ABBC24E008D5C37 /* UIImageView+HighlightedWebCache.m in Sources */ = {isa = PBXBuildFile; fileRef = CB2BD8BC1ABBC24E008D5C37 /* UIImageView+HighlightedWebCache.m */; };
		CB2BD8CF1ABBC24E008D5C37 /* UIImageView+WebCache.m in Sources */ = {isa = PBXBuildFile; fileRef = CB2BD8BE1ABBC24E008D5C37 /* UIImageView+WebCache.m */; };
		CB2BD8D01ABBC24E008D5C37 /* UIView+WebCacheOperation.m in Sources */ = {isa = PBXBuildFile; fileRef = CB2BD8C01ABBC24E008D5C37 /* UIView+WebCacheOperation.m */; };
		CB3266A01AC18A3800F41E47 /* EditMovie2ViewController.swift in Sources */ = {isa = PBXBuildFile; fileRef = CB32669F1AC18A3800F41E47 /* EditMovie2ViewController.swift */; };
		CB5C77241A2D68A5007ACD7E /* TakeMovieViewController.swift in Sources */ = {isa = PBXBuildFile; fileRef = CB5C77231A2D68A5007ACD7E /* TakeMovieViewController.swift */; };
		CB5C77281A2DA4E5007ACD7E /* HomeViewController.swift in Sources */ = {isa = PBXBuildFile; fileRef = CB5C77271A2DA4E5007ACD7E /* HomeViewController.swift */; };
		CB5C772B1A2E0C9C007ACD7E /* PreTakeMovieViewController.swift in Sources */ = {isa = PBXBuildFile; fileRef = CB5C772A1A2E0C9C007ACD7E /* PreTakeMovieViewController.swift */; };
		CB687BB01A810A8D00D1DFA4 /* StillMovieEffect.swift in Sources */ = {isa = PBXBuildFile; fileRef = CB687BAF1A810A8D00D1DFA4 /* StillMovieEffect.swift */; };
		CB687BB21A810BA600D1DFA4 /* EffectsProtocol.swift in Sources */ = {isa = PBXBuildFile; fileRef = CB687BB11A810BA600D1DFA4 /* EffectsProtocol.swift */; };
		CB6DE03B1ABC2381004831F3 /* VideoMasterViewController.swift in Sources */ = {isa = PBXBuildFile; fileRef = CB6DE03A1ABC2381004831F3 /* VideoMasterViewController.swift */; };
		CB84A6A61AB90CA9004D88F7 /* RegisterViewController.swift in Sources */ = {isa = PBXBuildFile; fileRef = CB84A6A51AB90CA9004D88F7 /* RegisterViewController.swift */; };
		CB8669F01AC46911004AA1E7 /* GPUImage.framework in Frameworks */ = {isa = PBXBuildFile; fileRef = CB8669EF1AC46911004AA1E7 /* GPUImage.framework */; };
		CB8669F21AC46974004AA1E7 /* GPUImage.framework in CopyFiles */ = {isa = PBXBuildFile; fileRef = CB8669EF1AC46911004AA1E7 /* GPUImage.framework */; settings = {ATTRIBUTES = (CodeSignOnCopy, RemoveHeadersOnCopy, ); }; };
		CB8EEF041AB03E0300848104 /* utils.swift in Sources */ = {isa = PBXBuildFile; fileRef = CB8EEF031AB03E0300848104 /* utils.swift */; };
		CB95D6C31A820308000F3BD5 /* ShareMovieViewController.swift in Sources */ = {isa = PBXBuildFile; fileRef = CB95D6C21A820308000F3BD5 /* ShareMovieViewController.swift */; };
		CB9A208D1ABFA9EC00CC0249 /* Model.swift in Sources */ = {isa = PBXBuildFile; fileRef = CB9A208C1ABFA9EC00CC0249 /* Model.swift */; };
		CBB38B601A2F10B600610CB1 /* TakeMovieView.swift in Sources */ = {isa = PBXBuildFile; fileRef = CBB38B5F1A2F10B600610CB1 /* TakeMovieView.swift */; };
		CBB8B08E1ABC7B65002944C1 /* Constants.swift in Sources */ = {isa = PBXBuildFile; fileRef = CBB8B08D1ABC7B65002944C1 /* Constants.swift */; };
		CBC042691A25FC8800597951 /* AppDelegate.swift in Sources */ = {isa = PBXBuildFile; fileRef = CBC042681A25FC8800597951 /* AppDelegate.swift */; };
		CBC0426B1A25FC8800597951 /* MainTabViewController.swift in Sources */ = {isa = PBXBuildFile; fileRef = CBC0426A1A25FC8800597951 /* MainTabViewController.swift */; };
		CBC0426D1A25FC8800597951 /* AccountViewController.swift in Sources */ = {isa = PBXBuildFile; fileRef = CBC0426C1A25FC8800597951 /* AccountViewController.swift */; };
		CBC042721A25FC8800597951 /* Images.xcassets in Resources */ = {isa = PBXBuildFile; fileRef = CBC042711A25FC8800597951 /* Images.xcassets */; };
		CBC042811A25FC8800597951 /* ICamMovTests.swift in Sources */ = {isa = PBXBuildFile; fileRef = CBC042801A25FC8800597951 /* ICamMovTests.swift */; };
		CBC49ABE1AA9C66200701E86 /* StoreKit.framework in Frameworks */ = {isa = PBXBuildFile; fileRef = CBC49ABD1AA9C66200701E86 /* StoreKit.framework */; };
		CBC49AC01AA9C68100701E86 /* MobileCoreServices.framework in Frameworks */ = {isa = PBXBuildFile; fileRef = CBC49ABF1AA9C68100701E86 /* MobileCoreServices.framework */; };
		CBC49AC21AA9C7D900701E86 /* AudioToolbox.framework in Frameworks */ = {isa = PBXBuildFile; fileRef = CBC49AC11AA9C7D900701E86 /* AudioToolbox.framework */; };
		CBC49AC41AA9C7E100701E86 /* CFNetwork.framework in Frameworks */ = {isa = PBXBuildFile; fileRef = CBC49AC31AA9C7E100701E86 /* CFNetwork.framework */; };
		CBC49AC61AA9C7EA00701E86 /* CoreGraphics.framework in Frameworks */ = {isa = PBXBuildFile; fileRef = CBC49AC51AA9C7EA00701E86 /* CoreGraphics.framework */; };
		CBC49AC81AA9C7F400701E86 /* CoreLocation.framework in Frameworks */ = {isa = PBXBuildFile; fileRef = CBC49AC71AA9C7F400701E86 /* CoreLocation.framework */; };
		CBC49ACC1AA9C83600701E86 /* libsqlite3.dylib in Frameworks */ = {isa = PBXBuildFile; fileRef = CBC49ACB1AA9C83600701E86 /* libsqlite3.dylib */; };
		CBC9C9531A889FB400FAAE6D /* ImageIO.framework in Frameworks */ = {isa = PBXBuildFile; fileRef = CBC9C9521A889FB400FAAE6D /* ImageIO.framework */; };
		CBC9CA0B1A88A4B900FAAE6D /* FacebookConnection.framework in Frameworks */ = {isa = PBXBuildFile; fileRef = CBC9C9EF1A88A4B900FAAE6D /* FacebookConnection.framework */; };
		CBC9CA0C1A88A4B900FAAE6D /* SinaWeiboConnection.framework in Frameworks */ = {isa = PBXBuildFile; fileRef = CBC9C9F01A88A4B900FAAE6D /* SinaWeiboConnection.framework */; };
		CBC9CA0D1A88A4B900FAAE6D /* WeChatConnection.framework in Frameworks */ = {isa = PBXBuildFile; fileRef = CBC9C9F11A88A4B900FAAE6D /* WeChatConnection.framework */; };
		CBC9CA0E1A88A4B900FAAE6D /* AGCommon.framework in Frameworks */ = {isa = PBXBuildFile; fileRef = CBC9C9F31A88A4B900FAAE6D /* AGCommon.framework */; };
		CBC9CA0F1A88A4B900FAAE6D /* Resource.bundle in Resources */ = {isa = PBXBuildFile; fileRef = CBC9C9F41A88A4B900FAAE6D /* Resource.bundle */; };
		CBC9CA101A88A4B900FAAE6D /* ShareSDKCoreService.framework in Frameworks */ = {isa = PBXBuildFile; fileRef = CBC9C9F51A88A4B900FAAE6D /* ShareSDKCoreService.framework */; };
		CBC9CA111A88A4B900FAAE6D /* ShareSDKLocalizable.strings in Resources */ = {isa = PBXBuildFile; fileRef = CBC9C9F61A88A4B900FAAE6D /* ShareSDKLocalizable.strings */; };
		CBC9CA121A88A4B900FAAE6D /* WeiboSDK.bundle in Resources */ = {isa = PBXBuildFile; fileRef = CBC9C9FB1A88A4B900FAAE6D /* WeiboSDK.bundle */; };
		CBC9CA131A88A4B900FAAE6D /* libWeiboSDK.a in Frameworks */ = {isa = PBXBuildFile; fileRef = CBC9C9FD1A88A4B900FAAE6D /* libWeiboSDK.a */; };
		CBC9CA141A88A4B900FAAE6D /* libWeChatSDK.a in Frameworks */ = {isa = PBXBuildFile; fileRef = CBC9CA011A88A4B900FAAE6D /* libWeChatSDK.a */; };
		CBC9CA151A88A4B900FAAE6D /* ShareSDK.framework in Frameworks */ = {isa = PBXBuildFile; fileRef = CBC9CA021A88A4B900FAAE6D /* ShareSDK.framework */; };
		CBC9CA161A88A4B900FAAE6D /* ShareSDKFlatShareViewUI.bundle in Resources */ = {isa = PBXBuildFile; fileRef = CBC9CA041A88A4B900FAAE6D /* ShareSDKFlatShareViewUI.bundle */; };
		CBC9CA171A88A4B900FAAE6D /* ShareSDKFlatShareViewUI.framework in Frameworks */ = {isa = PBXBuildFile; fileRef = CBC9CA051A88A4B900FAAE6D /* ShareSDKFlatShareViewUI.framework */; };
		CBC9CA181A88A4B900FAAE6D /* ShareSDKShareActionSheet.framework in Frameworks */ = {isa = PBXBuildFile; fileRef = CBC9CA061A88A4B900FAAE6D /* ShareSDKShareActionSheet.framework */; };
		CBC9CA191A88A4B900FAAE6D /* ShareSDKiPhoneDefaultShareViewUI.bundle in Resources */ = {isa = PBXBuildFile; fileRef = CBC9CA071A88A4B900FAAE6D /* ShareSDKiPhoneDefaultShareViewUI.bundle */; };
		CBC9CA1A1A88A4B900FAAE6D /* ShareSDKiPhoneDefaultShareViewUI.framework in Frameworks */ = {isa = PBXBuildFile; fileRef = CBC9CA081A88A4B900FAAE6D /* ShareSDKiPhoneDefaultShareViewUI.framework */; };
		CBC9CA1B1A88A4B900FAAE6D /* ShareSDKiPhoneSimpleShareViewUI.bundle in Resources */ = {isa = PBXBuildFile; fileRef = CBC9CA091A88A4B900FAAE6D /* ShareSDKiPhoneSimpleShareViewUI.bundle */; };
		CBC9CA1C1A88A4B900FAAE6D /* ShareSDKiPhoneSimpleShareViewUI.framework in Frameworks */ = {isa = PBXBuildFile; fileRef = CBC9CA0A1A88A4B900FAAE6D /* ShareSDKiPhoneSimpleShareViewUI.framework */; };
		CBD07A401AAAFCD600963F4A /* LoginViewController.swift in Sources */ = {isa = PBXBuildFile; fileRef = CBD07A3F1AAAFCD600963F4A /* LoginViewController.swift */; };
		CBD1AE1A1AD672F300874D46 /* SunsetFilter.swift in Sources */ = {isa = PBXBuildFile; fileRef = CBD1AE0B1AD672F300874D46 /* SunsetFilter.swift */; };
		CBD1AE1B1AD672F300874D46 /* SunsetMovieWriter.swift in Sources */ = {isa = PBXBuildFile; fileRef = CBD1AE0D1AD672F300874D46 /* SunsetMovieWriter.swift */; };
		CBD1AE1C1AD672F300874D46 /* SunsetView.swift in Sources */ = {isa = PBXBuildFile; fileRef = CBD1AE0E1AD672F300874D46 /* SunsetView.swift */; };
		CBD1AE1D1AD672F300874D46 /* AudioTapProcessor.swift in Sources */ = {isa = PBXBuildFile; fileRef = CBD1AE111AD672F300874D46 /* AudioTapProcessor.swift */; };
		CBD1AE1E1AD672F300874D46 /* SunsetAudioTapProcessor.m in Sources */ = {isa = PBXBuildFile; fileRef = CBD1AE131AD672F300874D46 /* SunsetAudioTapProcessor.m */; };
		CBD1AE1F1AD672F300874D46 /* SunsetInputDelegate.swift in Sources */ = {isa = PBXBuildFile; fileRef = CBD1AE141AD672F300874D46 /* SunsetInputDelegate.swift */; };
		CBD1AE201AD672F300874D46 /* SunsetMovie.swift in Sources */ = {isa = PBXBuildFile; fileRef = CBD1AE151AD672F300874D46 /* SunsetMovie.swift */; };
		CBD1AE211AD672F300874D46 /* SunsetOutput.swift in Sources */ = {isa = PBXBuildFile; fileRef = CBD1AE161AD672F300874D46 /* SunsetOutput.swift */; };
		CBD1AE221AD672F300874D46 /* SunetPlayerViewController.swift in Sources */ = {isa = PBXBuildFile; fileRef = CBD1AE171AD672F300874D46 /* SunetPlayerViewController.swift */; };
		CBD1AE231AD672F300874D46 /* SunsetPlayerView.xib in Resources */ = {isa = PBXBuildFile; fileRef = CBD1AE181AD672F300874D46 /* SunsetPlayerView.xib */; };
		CBD1AE241AD672F300874D46 /* SunsetUtils.swift in Sources */ = {isa = PBXBuildFile; fileRef = CBD1AE191AD672F300874D46 /* SunsetUtils.swift */; };
		CBD1AE261AD675B200874D46 /* EditMovieViewController.swift in Sources */ = {isa = PBXBuildFile; fileRef = CBD1AE251AD675B200874D46 /* EditMovieViewController.swift */; };
		CBD1AE461AD76F0C00874D46 /* FiltersView.swift in Sources */ = {isa = PBXBuildFile; fileRef = CBD1AE451AD76F0C00874D46 /* FiltersView.swift */; };
		CBD1AE481AD7793B00874D46 /* MyImageButton.swift in Sources */ = {isa = PBXBuildFile; fileRef = CBD1AE471AD7793B00874D46 /* MyImageButton.swift */; };
		CBD1AE4A1AD7A70C00874D46 /* FilterCollectionViewController.swift in Sources */ = {isa = PBXBuildFile; fileRef = CBD1AE491AD7A70C00874D46 /* FilterCollectionViewController.swift */; };
		CBD1AE4C1AD7AE6200874D46 /* FilterCollectionViewCell.swift in Sources */ = {isa = PBXBuildFile; fileRef = CBD1AE4B1AD7AE6200874D46 /* FilterCollectionViewCell.swift */; };
		CBD1AE4E1AD7C47400874D46 /* MyExtensions.swift in Sources */ = {isa = PBXBuildFile; fileRef = CBD1AE4D1AD7C47400874D46 /* MyExtensions.swift */; };
		CBD1AE501AD8C73F00874D46 /* test.mp4 in Resources */ = {isa = PBXBuildFile; fileRef = CBD1AE4F1AD8C73F00874D46 /* test.mp4 */; };
		CBD1AE521AD8D37100874D46 /* icons.xcassets in Resources */ = {isa = PBXBuildFile; fileRef = CBD1AE511AD8D37100874D46 /* icons.xcassets */; };
		CBD5EDF91AC2BFAA006861DD /* test2.mp4 in Resources */ = {isa = PBXBuildFile; fileRef = CBD5EDF81AC2BFAA006861DD /* test2.mp4 */; };
		CBD847521A354A31002A261A /* GenerateMovieFromImage.swift in Sources */ = {isa = PBXBuildFile; fileRef = CBD847511A354A31002A261A /* GenerateMovieFromImage.swift */; };
		CBD847551A359162002A261A /* GenerateMovieFromImage.m in Sources */ = {isa = PBXBuildFile; fileRef = CBD847541A359162002A261A /* GenerateMovieFromImage.m */; };
		CBDD6E431AB665E70044723C /* AVOSCloud.framework in Frameworks */ = {isa = PBXBuildFile; fileRef = CBDD6E421AB665E70044723C /* AVOSCloud.framework */; };
		CBDD6E451AB665F00044723C /* AVOSCloudSNS.framework in Frameworks */ = {isa = PBXBuildFile; fileRef = CBDD6E441AB665F00044723C /* AVOSCloudSNS.framework */; };
		CBDD6E4A1AB6B2BC0044723C /* i.png in Resources */ = {isa = PBXBuildFile; fileRef = CBDD6E491AB6B2BC0044723C /* i.png */; };
		CBDD6E4D1AB6B3220044723C /* Main.storyboard in Resources */ = {isa = PBXBuildFile; fileRef = CBC0426E1A25FC8800597951 /* Main.storyboard */; };
		CBDD6E4E1AB6B3220044723C /* LaunchScreen.xib in Resources */ = {isa = PBXBuildFile; fileRef = CBC042731A25FC8800597951 /* LaunchScreen.xib */; };
		CBF017881AC3902F00DFBA58 /* EditMovie3ViewController.swift in Sources */ = {isa = PBXBuildFile; fileRef = CBF017871AC3902F00DFBA58 /* EditMovie3ViewController.swift */; };
		CBF0178B1AC3B50100DFBA58 /* CoreVideo.framework in Frameworks */ = {isa = PBXBuildFile; fileRef = CBF0178A1AC3B50100DFBA58 /* CoreVideo.framework */; };
		CBF0178D1AC3B72900DFBA58 /* AVKit.framework in Frameworks */ = {isa = PBXBuildFile; fileRef = CBF0178C1AC3B72900DFBA58 /* AVKit.framework */; };
/* End PBXBuildFile section */

/* Begin PBXContainerItemProxy section */
		CBC0427B1A25FC8800597951 /* PBXContainerItemProxy */ = {
			isa = PBXContainerItemProxy;
			containerPortal = CBC0425B1A25FC8800597951 /* Project object */;
			proxyType = 1;
			remoteGlobalIDString = CBC042621A25FC8800597951;
			remoteInfo = TryDemo;
		};
/* End PBXContainerItemProxy section */

/* Begin PBXCopyFilesBuildPhase section */
		CB8669F11AC46962004AA1E7 /* CopyFiles */ = {
			isa = PBXCopyFilesBuildPhase;
			buildActionMask = 12;
			dstPath = "";
			dstSubfolderSpec = 10;
			files = (
				CB8669F21AC46974004AA1E7 /* GPUImage.framework in CopyFiles */,
			);
			runOnlyForDeploymentPostprocessing = 0;
		};
/* End PBXCopyFilesBuildPhase section */

/* Begin PBXFileReference section */
		CB16507F1A3164E200AB25DD /* MoviePreviewView.swift */ = {isa = PBXFileReference; fileEncoding = 4; lastKnownFileType = sourcecode.swift; name = MoviePreviewView.swift; path = EditMovie/MoviePreviewView.swift; sourceTree = "<group>"; };
		CB1650811A31652700AB25DD /* EditMovie1ViewController.swift */ = {isa = PBXFileReference; fileEncoding = 4; lastKnownFileType = sourcecode.swift; name = EditMovie1ViewController.swift; path = EditMovie/EditMovie1ViewController.swift; sourceTree = "<group>"; };
		CB1CF79E1A8482A500CCF560 /* BorderTextView.swift */ = {isa = PBXFileReference; fileEncoding = 4; lastKnownFileType = sourcecode.swift; path = BorderTextView.swift; sourceTree = "<group>"; };
		CB1CF7DE1A84EE3D00CCF560 /* SystemConfiguration.framework */ = {isa = PBXFileReference; lastKnownFileType = wrapper.framework; name = SystemConfiguration.framework; path = System/Library/Frameworks/SystemConfiguration.framework; sourceTree = SDKROOT; };
		CB1CF7E01A84EE4B00CCF560 /* QuartzCore.framework */ = {isa = PBXFileReference; lastKnownFileType = wrapper.framework; name = QuartzCore.framework; path = System/Library/Frameworks/QuartzCore.framework; sourceTree = SDKROOT; };
		CB1CF7E21A84EE5600CCF560 /* CoreTelephony.framework */ = {isa = PBXFileReference; lastKnownFileType = wrapper.framework; name = CoreTelephony.framework; path = System/Library/Frameworks/CoreTelephony.framework; sourceTree = SDKROOT; };
		CB1CF7E41A84EE6200CCF560 /* libicucore.dylib */ = {isa = PBXFileReference; lastKnownFileType = "compiled.mach-o.dylib"; name = libicucore.dylib; path = usr/lib/libicucore.dylib; sourceTree = SDKROOT; };
		CB1CF7E81A84EE7A00CCF560 /* libz.1.2.5.dylib */ = {isa = PBXFileReference; lastKnownFileType = "compiled.mach-o.dylib"; name = libz.1.2.5.dylib; path = usr/lib/libz.1.2.5.dylib; sourceTree = SDKROOT; };
		CB1CF7EA1A84EE8300CCF560 /* Security.framework */ = {isa = PBXFileReference; lastKnownFileType = wrapper.framework; name = Security.framework; path = System/Library/Frameworks/Security.framework; sourceTree = SDKROOT; };
		CB1E9F6A1AC0076E00D32C8E /* VideoMasterCell.swift */ = {isa = PBXFileReference; fileEncoding = 4; lastKnownFileType = sourcecode.swift; path = VideoMasterCell.swift; sourceTree = "<group>"; };
		CB2645901AA9CD040062073A /* Social.framework */ = {isa = PBXFileReference; lastKnownFileType = wrapper.framework; name = Social.framework; path = System/Library/Frameworks/Social.framework; sourceTree = SDKROOT; };
		CB2645921AA9CD120062073A /* Accounts.framework */ = {isa = PBXFileReference; lastKnownFileType = wrapper.framework; name = Accounts.framework; path = System/Library/Frameworks/Accounts.framework; sourceTree = SDKROOT; };
		CB2BD8871AB969CA008D5C37 /* AccountUtils.swift */ = {isa = PBXFileReference; fileEncoding = 4; lastKnownFileType = sourcecode.swift; path = AccountUtils.swift; sourceTree = "<group>"; };
		CB2BD88A1ABA7FB2008D5C37 /* SAResizibleBubble.h */ = {isa = PBXFileReference; fileEncoding = 4; lastKnownFileType = sourcecode.c.h; path = SAResizibleBubble.h; sourceTree = "<group>"; };
		CB2BD88B1ABA7FB2008D5C37 /* SAResizibleBubble.m */ = {isa = PBXFileReference; fileEncoding = 4; lastKnownFileType = sourcecode.c.objc; path = SAResizibleBubble.m; sourceTree = "<group>"; };
		CB2BD88C1ABA7FB2008D5C37 /* SASliderLeft.h */ = {isa = PBXFileReference; fileEncoding = 4; lastKnownFileType = sourcecode.c.h; path = SASliderLeft.h; sourceTree = "<group>"; };
		CB2BD88D1ABA7FB2008D5C37 /* SASliderLeft.m */ = {isa = PBXFileReference; fileEncoding = 4; lastKnownFileType = sourcecode.c.objc; path = SASliderLeft.m; sourceTree = "<group>"; };
		CB2BD88E1ABA7FB2008D5C37 /* SASliderRight.h */ = {isa = PBXFileReference; fileEncoding = 4; lastKnownFileType = sourcecode.c.h; path = SASliderRight.h; sourceTree = "<group>"; };
		CB2BD88F1ABA7FB2008D5C37 /* SASliderRight.m */ = {isa = PBXFileReference; fileEncoding = 4; lastKnownFileType = sourcecode.c.objc; path = SASliderRight.m; sourceTree = "<group>"; };
		CB2BD8901ABA7FB2008D5C37 /* SAVideoRangeSlider.h */ = {isa = PBXFileReference; fileEncoding = 4; lastKnownFileType = sourcecode.c.h; path = SAVideoRangeSlider.h; sourceTree = "<group>"; };
		CB2BD8911ABA7FB2008D5C37 /* SAVideoRangeSlider.m */ = {isa = PBXFileReference; fileEncoding = 4; lastKnownFileType = sourcecode.c.objc; path = SAVideoRangeSlider.m; sourceTree = "<group>"; };
		CB2BD8961ABA7FE9008D5C37 /* CoreMedia.framework */ = {isa = PBXFileReference; lastKnownFileType = wrapper.framework; name = CoreMedia.framework; path = System/Library/Frameworks/CoreMedia.framework; sourceTree = SDKROOT; };
		CB2BD8981ABAB13D008D5C37 /* test.swift */ = {isa = PBXFileReference; fileEncoding = 4; lastKnownFileType = sourcecode.swift; path = test.swift; sourceTree = "<group>"; };
		CB2BD89C1ABAB7FD008D5C37 /* ViewController.h */ = {isa = PBXFileReference; fileEncoding = 4; lastKnownFileType = sourcecode.c.h; path = ViewController.h; sourceTree = "<group>"; };
		CB2BD89D1ABAB7FD008D5C37 /* ViewController.m */ = {isa = PBXFileReference; fileEncoding = 4; lastKnownFileType = sourcecode.c.objc; path = ViewController.m; sourceTree = "<group>"; };
		CB2BD8A01ABBC24E008D5C37 /* MKAnnotationView+WebCache.h */ = {isa = PBXFileReference; fileEncoding = 4; lastKnownFileType = sourcecode.c.h; path = "MKAnnotationView+WebCache.h"; sourceTree = "<group>"; };
		CB2BD8A11ABBC24E008D5C37 /* MKAnnotationView+WebCache.m */ = {isa = PBXFileReference; fileEncoding = 4; lastKnownFileType = sourcecode.c.objc; path = "MKAnnotationView+WebCache.m"; sourceTree = "<group>"; };
		CB2BD8A21ABBC24E008D5C37 /* NSData+ImageContentType.h */ = {isa = PBXFileReference; fileEncoding = 4; lastKnownFileType = sourcecode.c.h; path = "NSData+ImageContentType.h"; sourceTree = "<group>"; };
		CB2BD8A31ABBC24E008D5C37 /* NSData+ImageContentType.m */ = {isa = PBXFileReference; fileEncoding = 4; lastKnownFileType = sourcecode.c.objc; path = "NSData+ImageContentType.m"; sourceTree = "<group>"; };
		CB2BD8A41ABBC24E008D5C37 /* SDImageCache.h */ = {isa = PBXFileReference; fileEncoding = 4; lastKnownFileType = sourcecode.c.h; path = SDImageCache.h; sourceTree = "<group>"; };
		CB2BD8A51ABBC24E008D5C37 /* SDImageCache.m */ = {isa = PBXFileReference; fileEncoding = 4; lastKnownFileType = sourcecode.c.objc; path = SDImageCache.m; sourceTree = "<group>"; };
		CB2BD8A61ABBC24E008D5C37 /* SDWebImageCompat.h */ = {isa = PBXFileReference; fileEncoding = 4; lastKnownFileType = sourcecode.c.h; path = SDWebImageCompat.h; sourceTree = "<group>"; };
		CB2BD8A71ABBC24E008D5C37 /* SDWebImageCompat.m */ = {isa = PBXFileReference; fileEncoding = 4; lastKnownFileType = sourcecode.c.objc; path = SDWebImageCompat.m; sourceTree = "<group>"; };
		CB2BD8A81ABBC24E008D5C37 /* SDWebImageDecoder.h */ = {isa = PBXFileReference; fileEncoding = 4; lastKnownFileType = sourcecode.c.h; path = SDWebImageDecoder.h; sourceTree = "<group>"; };
		CB2BD8A91ABBC24E008D5C37 /* SDWebImageDecoder.m */ = {isa = PBXFileReference; fileEncoding = 4; lastKnownFileType = sourcecode.c.objc; path = SDWebImageDecoder.m; sourceTree = "<group>"; };
		CB2BD8AA1ABBC24E008D5C37 /* SDWebImageDownloader.h */ = {isa = PBXFileReference; fileEncoding = 4; lastKnownFileType = sourcecode.c.h; path = SDWebImageDownloader.h; sourceTree = "<group>"; };
		CB2BD8AB1ABBC24E008D5C37 /* SDWebImageDownloader.m */ = {isa = PBXFileReference; fileEncoding = 4; lastKnownFileType = sourcecode.c.objc; path = SDWebImageDownloader.m; sourceTree = "<group>"; };
		CB2BD8AC1ABBC24E008D5C37 /* SDWebImageDownloaderOperation.h */ = {isa = PBXFileReference; fileEncoding = 4; lastKnownFileType = sourcecode.c.h; path = SDWebImageDownloaderOperation.h; sourceTree = "<group>"; };
		CB2BD8AD1ABBC24E008D5C37 /* SDWebImageDownloaderOperation.m */ = {isa = PBXFileReference; fileEncoding = 4; lastKnownFileType = sourcecode.c.objc; path = SDWebImageDownloaderOperation.m; sourceTree = "<group>"; };
		CB2BD8AE1ABBC24E008D5C37 /* SDWebImageManager.h */ = {isa = PBXFileReference; fileEncoding = 4; lastKnownFileType = sourcecode.c.h; path = SDWebImageManager.h; sourceTree = "<group>"; };
		CB2BD8AF1ABBC24E008D5C37 /* SDWebImageManager.m */ = {isa = PBXFileReference; fileEncoding = 4; lastKnownFileType = sourcecode.c.objc; path = SDWebImageManager.m; sourceTree = "<group>"; };
		CB2BD8B01ABBC24E008D5C37 /* SDWebImageOperation.h */ = {isa = PBXFileReference; fileEncoding = 4; lastKnownFileType = sourcecode.c.h; path = SDWebImageOperation.h; sourceTree = "<group>"; };
		CB2BD8B11ABBC24E008D5C37 /* SDWebImagePrefetcher.h */ = {isa = PBXFileReference; fileEncoding = 4; lastKnownFileType = sourcecode.c.h; path = SDWebImagePrefetcher.h; sourceTree = "<group>"; };
		CB2BD8B21ABBC24E008D5C37 /* SDWebImagePrefetcher.m */ = {isa = PBXFileReference; fileEncoding = 4; lastKnownFileType = sourcecode.c.objc; path = SDWebImagePrefetcher.m; sourceTree = "<group>"; };
		CB2BD8B31ABBC24E008D5C37 /* UIButton+WebCache.h */ = {isa = PBXFileReference; fileEncoding = 4; lastKnownFileType = sourcecode.c.h; path = "UIButton+WebCache.h"; sourceTree = "<group>"; };
		CB2BD8B41ABBC24E008D5C37 /* UIButton+WebCache.m */ = {isa = PBXFileReference; fileEncoding = 4; lastKnownFileType = sourcecode.c.objc; path = "UIButton+WebCache.m"; sourceTree = "<group>"; };
		CB2BD8B51ABBC24E008D5C37 /* UIImage+GIF.h */ = {isa = PBXFileReference; fileEncoding = 4; lastKnownFileType = sourcecode.c.h; path = "UIImage+GIF.h"; sourceTree = "<group>"; };
		CB2BD8B61ABBC24E008D5C37 /* UIImage+GIF.m */ = {isa = PBXFileReference; fileEncoding = 4; lastKnownFileType = sourcecode.c.objc; path = "UIImage+GIF.m"; sourceTree = "<group>"; };
		CB2BD8B71ABBC24E008D5C37 /* UIImage+MultiFormat.h */ = {isa = PBXFileReference; fileEncoding = 4; lastKnownFileType = sourcecode.c.h; path = "UIImage+MultiFormat.h"; sourceTree = "<group>"; };
		CB2BD8B81ABBC24E008D5C37 /* UIImage+MultiFormat.m */ = {isa = PBXFileReference; fileEncoding = 4; lastKnownFileType = sourcecode.c.objc; path = "UIImage+MultiFormat.m"; sourceTree = "<group>"; };
		CB2BD8B91ABBC24E008D5C37 /* UIImage+WebP.h */ = {isa = PBXFileReference; fileEncoding = 4; lastKnownFileType = sourcecode.c.h; path = "UIImage+WebP.h"; sourceTree = "<group>"; };
		CB2BD8BA1ABBC24E008D5C37 /* UIImage+WebP.m */ = {isa = PBXFileReference; fileEncoding = 4; lastKnownFileType = sourcecode.c.objc; path = "UIImage+WebP.m"; sourceTree = "<group>"; };
		CB2BD8BB1ABBC24E008D5C37 /* UIImageView+HighlightedWebCache.h */ = {isa = PBXFileReference; fileEncoding = 4; lastKnownFileType = sourcecode.c.h; path = "UIImageView+HighlightedWebCache.h"; sourceTree = "<group>"; };
		CB2BD8BC1ABBC24E008D5C37 /* UIImageView+HighlightedWebCache.m */ = {isa = PBXFileReference; fileEncoding = 4; lastKnownFileType = sourcecode.c.objc; path = "UIImageView+HighlightedWebCache.m"; sourceTree = "<group>"; };
		CB2BD8BD1ABBC24E008D5C37 /* UIImageView+WebCache.h */ = {isa = PBXFileReference; fileEncoding = 4; lastKnownFileType = sourcecode.c.h; path = "UIImageView+WebCache.h"; sourceTree = "<group>"; };
		CB2BD8BE1ABBC24E008D5C37 /* UIImageView+WebCache.m */ = {isa = PBXFileReference; fileEncoding = 4; lastKnownFileType = sourcecode.c.objc; path = "UIImageView+WebCache.m"; sourceTree = "<group>"; };
		CB2BD8BF1ABBC24E008D5C37 /* UIView+WebCacheOperation.h */ = {isa = PBXFileReference; fileEncoding = 4; lastKnownFileType = sourcecode.c.h; path = "UIView+WebCacheOperation.h"; sourceTree = "<group>"; };
		CB2BD8C01ABBC24E008D5C37 /* UIView+WebCacheOperation.m */ = {isa = PBXFileReference; fileEncoding = 4; lastKnownFileType = sourcecode.c.objc; path = "UIView+WebCacheOperation.m"; sourceTree = "<group>"; };
		CB32669F1AC18A3800F41E47 /* EditMovie2ViewController.swift */ = {isa = PBXFileReference; fileEncoding = 4; lastKnownFileType = sourcecode.swift; name = EditMovie2ViewController.swift; path = EditMovie/EditMovie2ViewController.swift; sourceTree = "<group>"; };
		CB5C77231A2D68A5007ACD7E /* TakeMovieViewController.swift */ = {isa = PBXFileReference; fileEncoding = 4; lastKnownFileType = sourcecode.swift; name = TakeMovieViewController.swift; path = TakeMovie/TakeMovieViewController.swift; sourceTree = "<group>"; };
		CB5C77271A2DA4E5007ACD7E /* HomeViewController.swift */ = {isa = PBXFileReference; fileEncoding = 4; lastKnownFileType = sourcecode.swift; path = HomeViewController.swift; sourceTree = "<group>"; };
		CB5C772A1A2E0C9C007ACD7E /* PreTakeMovieViewController.swift */ = {isa = PBXFileReference; fileEncoding = 4; lastKnownFileType = sourcecode.swift; path = PreTakeMovieViewController.swift; sourceTree = "<group>"; };
		CB687BAF1A810A8D00D1DFA4 /* StillMovieEffect.swift */ = {isa = PBXFileReference; fileEncoding = 4; lastKnownFileType = sourcecode.swift; path = StillMovieEffect.swift; sourceTree = "<group>"; };
		CB687BB11A810BA600D1DFA4 /* EffectsProtocol.swift */ = {isa = PBXFileReference; fileEncoding = 4; lastKnownFileType = sourcecode.swift; path = EffectsProtocol.swift; sourceTree = "<group>"; };
		CB6DE03A1ABC2381004831F3 /* VideoMasterViewController.swift */ = {isa = PBXFileReference; fileEncoding = 4; lastKnownFileType = sourcecode.swift; path = VideoMasterViewController.swift; sourceTree = "<group>"; };
		CB84A6A51AB90CA9004D88F7 /* RegisterViewController.swift */ = {isa = PBXFileReference; fileEncoding = 4; lastKnownFileType = sourcecode.swift; path = RegisterViewController.swift; sourceTree = "<group>"; };
		CB8669EF1AC46911004AA1E7 /* GPUImage.framework */ = {isa = PBXFileReference; lastKnownFileType = wrapper.framework; name = GPUImage.framework; path = ICamMov/Frameworks/GPUImage.framework; sourceTree = "<group>"; };
		CB8EEF031AB03E0300848104 /* utils.swift */ = {isa = PBXFileReference; fileEncoding = 4; lastKnownFileType = sourcecode.swift; path = utils.swift; sourceTree = "<group>"; };
		CB95D6C21A820308000F3BD5 /* ShareMovieViewController.swift */ = {isa = PBXFileReference; fileEncoding = 4; lastKnownFileType = sourcecode.swift; name = ShareMovieViewController.swift; path = ShareMovie/ShareMovieViewController.swift; sourceTree = "<group>"; };
		CB9A208C1ABFA9EC00CC0249 /* Model.swift */ = {isa = PBXFileReference; fileEncoding = 4; lastKnownFileType = sourcecode.swift; path = Model.swift; sourceTree = "<group>"; };
		CBB38B5F1A2F10B600610CB1 /* TakeMovieView.swift */ = {isa = PBXFileReference; fileEncoding = 4; lastKnownFileType = sourcecode.swift; name = TakeMovieView.swift; path = TakeMovie/TakeMovieView.swift; sourceTree = "<group>"; };
		CBB8B08C1ABC61D1002944C1 /* MyPlayground.playground */ = {isa = PBXFileReference; lastKnownFileType = file.playground; path = MyPlayground.playground; sourceTree = "<group>"; };
		CBB8B08D1ABC7B65002944C1 /* Constants.swift */ = {isa = PBXFileReference; fileEncoding = 4; lastKnownFileType = sourcecode.swift; path = Constants.swift; sourceTree = "<group>"; };
		CBC042631A25FC8800597951 /* MagicCam.app */ = {isa = PBXFileReference; explicitFileType = wrapper.application; includeInIndex = 0; path = MagicCam.app; sourceTree = BUILT_PRODUCTS_DIR; };
		CBC042671A25FC8800597951 /* Info.plist */ = {isa = PBXFileReference; lastKnownFileType = text.plist.xml; path = Info.plist; sourceTree = "<group>"; };
		CBC042681A25FC8800597951 /* AppDelegate.swift */ = {isa = PBXFileReference; lastKnownFileType = sourcecode.swift; path = AppDelegate.swift; sourceTree = "<group>"; };
		CBC0426A1A25FC8800597951 /* MainTabViewController.swift */ = {isa = PBXFileReference; lastKnownFileType = sourcecode.swift; path = MainTabViewController.swift; sourceTree = "<group>"; };
		CBC0426C1A25FC8800597951 /* AccountViewController.swift */ = {isa = PBXFileReference; lastKnownFileType = sourcecode.swift; path = AccountViewController.swift; sourceTree = "<group>"; };
		CBC0426F1A25FC8800597951 /* Base */ = {isa = PBXFileReference; lastKnownFileType = file.storyboard; name = Base; path = Base.lproj/Main.storyboard; sourceTree = "<group>"; };
		CBC042711A25FC8800597951 /* Images.xcassets */ = {isa = PBXFileReference; lastKnownFileType = folder.assetcatalog; path = Images.xcassets; sourceTree = "<group>"; };
		CBC042741A25FC8800597951 /* Base */ = {isa = PBXFileReference; lastKnownFileType = file.xib; name = Base; path = Base.lproj/LaunchScreen.xib; sourceTree = "<group>"; };
		CBC0427A1A25FC8800597951 /* ICamMovTests.xctest */ = {isa = PBXFileReference; explicitFileType = wrapper.cfbundle; includeInIndex = 0; path = ICamMovTests.xctest; sourceTree = BUILT_PRODUCTS_DIR; };
		CBC0427F1A25FC8800597951 /* Info.plist */ = {isa = PBXFileReference; lastKnownFileType = text.plist.xml; path = Info.plist; sourceTree = "<group>"; };
		CBC042801A25FC8800597951 /* ICamMovTests.swift */ = {isa = PBXFileReference; lastKnownFileType = sourcecode.swift; path = ICamMovTests.swift; sourceTree = "<group>"; };
		CBC49ABD1AA9C66200701E86 /* StoreKit.framework */ = {isa = PBXFileReference; lastKnownFileType = wrapper.framework; name = StoreKit.framework; path = System/Library/Frameworks/StoreKit.framework; sourceTree = SDKROOT; };
		CBC49ABF1AA9C68100701E86 /* MobileCoreServices.framework */ = {isa = PBXFileReference; lastKnownFileType = wrapper.framework; name = MobileCoreServices.framework; path = System/Library/Frameworks/MobileCoreServices.framework; sourceTree = SDKROOT; };
		CBC49AC11AA9C7D900701E86 /* AudioToolbox.framework */ = {isa = PBXFileReference; lastKnownFileType = wrapper.framework; name = AudioToolbox.framework; path = System/Library/Frameworks/AudioToolbox.framework; sourceTree = SDKROOT; };
		CBC49AC31AA9C7E100701E86 /* CFNetwork.framework */ = {isa = PBXFileReference; lastKnownFileType = wrapper.framework; name = CFNetwork.framework; path = System/Library/Frameworks/CFNetwork.framework; sourceTree = SDKROOT; };
		CBC49AC51AA9C7EA00701E86 /* CoreGraphics.framework */ = {isa = PBXFileReference; lastKnownFileType = wrapper.framework; name = CoreGraphics.framework; path = System/Library/Frameworks/CoreGraphics.framework; sourceTree = SDKROOT; };
		CBC49AC71AA9C7F400701E86 /* CoreLocation.framework */ = {isa = PBXFileReference; lastKnownFileType = wrapper.framework; name = CoreLocation.framework; path = System/Library/Frameworks/CoreLocation.framework; sourceTree = SDKROOT; };
		CBC49ACB1AA9C83600701E86 /* libsqlite3.dylib */ = {isa = PBXFileReference; lastKnownFileType = "compiled.mach-o.dylib"; name = libsqlite3.dylib; path = usr/lib/libsqlite3.dylib; sourceTree = SDKROOT; };
		CBC9C9521A889FB400FAAE6D /* ImageIO.framework */ = {isa = PBXFileReference; lastKnownFileType = wrapper.framework; name = ImageIO.framework; path = System/Library/Frameworks/ImageIO.framework; sourceTree = SDKROOT; };
		CBC9C9EF1A88A4B900FAAE6D /* FacebookConnection.framework */ = {isa = PBXFileReference; lastKnownFileType = wrapper.framework; path = FacebookConnection.framework; sourceTree = "<group>"; };
		CBC9C9F01A88A4B900FAAE6D /* SinaWeiboConnection.framework */ = {isa = PBXFileReference; lastKnownFileType = wrapper.framework; path = SinaWeiboConnection.framework; sourceTree = "<group>"; };
		CBC9C9F11A88A4B900FAAE6D /* WeChatConnection.framework */ = {isa = PBXFileReference; lastKnownFileType = wrapper.framework; path = WeChatConnection.framework; sourceTree = "<group>"; };
		CBC9C9F31A88A4B900FAAE6D /* AGCommon.framework */ = {isa = PBXFileReference; lastKnownFileType = wrapper.framework; path = AGCommon.framework; sourceTree = "<group>"; };
		CBC9C9F41A88A4B900FAAE6D /* Resource.bundle */ = {isa = PBXFileReference; lastKnownFileType = "wrapper.plug-in"; path = Resource.bundle; sourceTree = "<group>"; };
		CBC9C9F51A88A4B900FAAE6D /* ShareSDKCoreService.framework */ = {isa = PBXFileReference; lastKnownFileType = wrapper.framework; path = ShareSDKCoreService.framework; sourceTree = "<group>"; };
		CBC9C9F71A88A4B900FAAE6D /* en */ = {isa = PBXFileReference; lastKnownFileType = text.plist.strings; name = en; path = en.lproj/ShareSDKLocalizable.strings; sourceTree = "<group>"; };
		CBC9C9F81A88A4B900FAAE6D /* zh-Hans */ = {isa = PBXFileReference; lastKnownFileType = text.plist.strings; name = "zh-Hans"; path = "zh-Hans.lproj/ShareSDKLocalizable.strings"; sourceTree = "<group>"; };
		CBC9C9FB1A88A4B900FAAE6D /* WeiboSDK.bundle */ = {isa = PBXFileReference; lastKnownFileType = "wrapper.plug-in"; path = WeiboSDK.bundle; sourceTree = "<group>"; };
		CBC9C9FC1A88A4B900FAAE6D /* WeiboSDK.h */ = {isa = PBXFileReference; fileEncoding = 4; lastKnownFileType = sourcecode.c.h; path = WeiboSDK.h; sourceTree = "<group>"; };
		CBC9C9FD1A88A4B900FAAE6D /* libWeiboSDK.a */ = {isa = PBXFileReference; lastKnownFileType = archive.ar; path = libWeiboSDK.a; sourceTree = "<group>"; };
		CBC9C9FF1A88A4B900FAAE6D /* WXApi.h */ = {isa = PBXFileReference; fileEncoding = 4; lastKnownFileType = sourcecode.c.h; path = WXApi.h; sourceTree = "<group>"; };
		CBC9CA001A88A4B900FAAE6D /* WXApiObject.h */ = {isa = PBXFileReference; fileEncoding = 4; lastKnownFileType = sourcecode.c.h; path = WXApiObject.h; sourceTree = "<group>"; };
		CBC9CA011A88A4B900FAAE6D /* libWeChatSDK.a */ = {isa = PBXFileReference; lastKnownFileType = archive.ar; path = libWeChatSDK.a; sourceTree = "<group>"; };
		CBC9CA021A88A4B900FAAE6D /* ShareSDK.framework */ = {isa = PBXFileReference; lastKnownFileType = wrapper.framework; path = ShareSDK.framework; sourceTree = "<group>"; };
		CBC9CA041A88A4B900FAAE6D /* ShareSDKFlatShareViewUI.bundle */ = {isa = PBXFileReference; lastKnownFileType = "wrapper.plug-in"; path = ShareSDKFlatShareViewUI.bundle; sourceTree = "<group>"; };
		CBC9CA051A88A4B900FAAE6D /* ShareSDKFlatShareViewUI.framework */ = {isa = PBXFileReference; lastKnownFileType = wrapper.framework; path = ShareSDKFlatShareViewUI.framework; sourceTree = "<group>"; };
		CBC9CA061A88A4B900FAAE6D /* ShareSDKShareActionSheet.framework */ = {isa = PBXFileReference; lastKnownFileType = wrapper.framework; path = ShareSDKShareActionSheet.framework; sourceTree = "<group>"; };
		CBC9CA071A88A4B900FAAE6D /* ShareSDKiPhoneDefaultShareViewUI.bundle */ = {isa = PBXFileReference; lastKnownFileType = "wrapper.plug-in"; path = ShareSDKiPhoneDefaultShareViewUI.bundle; sourceTree = "<group>"; };
		CBC9CA081A88A4B900FAAE6D /* ShareSDKiPhoneDefaultShareViewUI.framework */ = {isa = PBXFileReference; lastKnownFileType = wrapper.framework; path = ShareSDKiPhoneDefaultShareViewUI.framework; sourceTree = "<group>"; };
		CBC9CA091A88A4B900FAAE6D /* ShareSDKiPhoneSimpleShareViewUI.bundle */ = {isa = PBXFileReference; lastKnownFileType = "wrapper.plug-in"; path = ShareSDKiPhoneSimpleShareViewUI.bundle; sourceTree = "<group>"; };
		CBC9CA0A1A88A4B900FAAE6D /* ShareSDKiPhoneSimpleShareViewUI.framework */ = {isa = PBXFileReference; lastKnownFileType = wrapper.framework; path = ShareSDKiPhoneSimpleShareViewUI.framework; sourceTree = "<group>"; };
		CBD07A3F1AAAFCD600963F4A /* LoginViewController.swift */ = {isa = PBXFileReference; fileEncoding = 4; lastKnownFileType = sourcecode.swift; path = LoginViewController.swift; sourceTree = "<group>"; };
		CBD1AE0B1AD672F300874D46 /* SunsetFilter.swift */ = {isa = PBXFileReference; fileEncoding = 4; lastKnownFileType = sourcecode.swift; path = SunsetFilter.swift; sourceTree = "<group>"; };
		CBD1AE0D1AD672F300874D46 /* SunsetMovieWriter.swift */ = {isa = PBXFileReference; fileEncoding = 4; lastKnownFileType = sourcecode.swift; path = SunsetMovieWriter.swift; sourceTree = "<group>"; };
		CBD1AE0E1AD672F300874D46 /* SunsetView.swift */ = {isa = PBXFileReference; fileEncoding = 4; lastKnownFileType = sourcecode.swift; path = SunsetView.swift; sourceTree = "<group>"; };
		CBD1AE111AD672F300874D46 /* AudioTapProcessor.swift */ = {isa = PBXFileReference; fileEncoding = 4; lastKnownFileType = sourcecode.swift; path = AudioTapProcessor.swift; sourceTree = "<group>"; };
		CBD1AE121AD672F300874D46 /* SunsetAudioTapProcessor.h */ = {isa = PBXFileReference; fileEncoding = 4; lastKnownFileType = sourcecode.c.h; path = SunsetAudioTapProcessor.h; sourceTree = "<group>"; };
		CBD1AE131AD672F300874D46 /* SunsetAudioTapProcessor.m */ = {isa = PBXFileReference; fileEncoding = 4; lastKnownFileType = sourcecode.c.objc; path = SunsetAudioTapProcessor.m; sourceTree = "<group>"; };
		CBD1AE141AD672F300874D46 /* SunsetInputDelegate.swift */ = {isa = PBXFileReference; fileEncoding = 4; lastKnownFileType = sourcecode.swift; path = SunsetInputDelegate.swift; sourceTree = "<group>"; };
		CBD1AE151AD672F300874D46 /* SunsetMovie.swift */ = {isa = PBXFileReference; fileEncoding = 4; lastKnownFileType = sourcecode.swift; path = SunsetMovie.swift; sourceTree = "<group>"; };
		CBD1AE161AD672F300874D46 /* SunsetOutput.swift */ = {isa = PBXFileReference; fileEncoding = 4; lastKnownFileType = sourcecode.swift; path = SunsetOutput.swift; sourceTree = "<group>"; };
		CBD1AE171AD672F300874D46 /* SunetPlayerViewController.swift */ = {isa = PBXFileReference; fileEncoding = 4; lastKnownFileType = sourcecode.swift; path = SunetPlayerViewController.swift; sourceTree = "<group>"; };
		CBD1AE181AD672F300874D46 /* SunsetPlayerView.xib */ = {isa = PBXFileReference; fileEncoding = 4; lastKnownFileType = file.xib; path = SunsetPlayerView.xib; sourceTree = "<group>"; };
		CBD1AE191AD672F300874D46 /* SunsetUtils.swift */ = {isa = PBXFileReference; fileEncoding = 4; lastKnownFileType = sourcecode.swift; path = SunsetUtils.swift; sourceTree = "<group>"; };
		CBD1AE251AD675B200874D46 /* EditMovieViewController.swift */ = {isa = PBXFileReference; fileEncoding = 4; lastKnownFileType = sourcecode.swift; name = EditMovieViewController.swift; path = EditMovie/EditMovieViewController.swift; sourceTree = "<group>"; };
		CBD1AE451AD76F0C00874D46 /* FiltersView.swift */ = {isa = PBXFileReference; fileEncoding = 4; lastKnownFileType = sourcecode.swift; path = FiltersView.swift; sourceTree = "<group>"; };
		CBD1AE471AD7793B00874D46 /* MyImageButton.swift */ = {isa = PBXFileReference; fileEncoding = 4; lastKnownFileType = sourcecode.swift; path = MyImageButton.swift; sourceTree = "<group>"; };
		CBD1AE491AD7A70C00874D46 /* FilterCollectionViewController.swift */ = {isa = PBXFileReference; fileEncoding = 4; lastKnownFileType = sourcecode.swift; name = FilterCollectionViewController.swift; path = EditMovie/FilterCollectionViewController.swift; sourceTree = "<group>"; };
		CBD1AE4B1AD7AE6200874D46 /* FilterCollectionViewCell.swift */ = {isa = PBXFileReference; fileEncoding = 4; lastKnownFileType = sourcecode.swift; name = FilterCollectionViewCell.swift; path = EditMovie/FilterCollectionViewCell.swift; sourceTree = "<group>"; };
		CBD1AE4D1AD7C47400874D46 /* MyExtensions.swift */ = {isa = PBXFileReference; fileEncoding = 4; lastKnownFileType = sourcecode.swift; path = MyExtensions.swift; sourceTree = "<group>"; };
		CBD1AE4F1AD8C73F00874D46 /* test.mp4 */ = {isa = PBXFileReference; lastKnownFileType = file; name = test.mp4; path = ../../../Learn/Lesson7/UsetCoreImage/UsetCoreImage/test.mp4; sourceTree = "<group>"; };
		CBD1AE511AD8D37100874D46 /* icons.xcassets */ = {isa = PBXFileReference; lastKnownFileType = folder.assetcatalog; path = icons.xcassets; sourceTree = "<group>"; };
		CBD5EDF81AC2BFAA006861DD /* test2.mp4 */ = {isa = PBXFileReference; lastKnownFileType = file; path = test2.mp4; sourceTree = "<group>"; };
		CBD847511A354A31002A261A /* GenerateMovieFromImage.swift */ = {isa = PBXFileReference; fileEncoding = 4; lastKnownFileType = sourcecode.swift; path = GenerateMovieFromImage.swift; sourceTree = "<group>"; };
		CBD847531A359162002A261A /* ICamMov-Bridging-Header.h */ = {isa = PBXFileReference; lastKnownFileType = sourcecode.c.h; path = "ICamMov-Bridging-Header.h"; sourceTree = "<group>"; };
		CBD847541A359162002A261A /* GenerateMovieFromImage.m */ = {isa = PBXFileReference; fileEncoding = 4; lastKnownFileType = sourcecode.c.objc; path = GenerateMovieFromImage.m; sourceTree = "<group>"; };
		CBD847561A35AE6F002A261A /* GenerateMovieFromImage.h */ = {isa = PBXFileReference; lastKnownFileType = sourcecode.c.h; path = GenerateMovieFromImage.h; sourceTree = "<group>"; };
		CBDD6E421AB665E70044723C /* AVOSCloud.framework */ = {isa = PBXFileReference; lastKnownFileType = wrapper.framework; name = AVOSCloud.framework; path = AVOS/AVOSCloud.framework; sourceTree = "<group>"; };
		CBDD6E441AB665F00044723C /* AVOSCloudSNS.framework */ = {isa = PBXFileReference; lastKnownFileType = wrapper.framework; name = AVOSCloudSNS.framework; path = AVOS/AVOSCloudSNS.framework; sourceTree = "<group>"; };
		CBDD6E491AB6B2BC0044723C /* i.png */ = {isa = PBXFileReference; lastKnownFileType = image.png; path = i.png; sourceTree = "<group>"; };
		CBF017871AC3902F00DFBA58 /* EditMovie3ViewController.swift */ = {isa = PBXFileReference; fileEncoding = 4; lastKnownFileType = sourcecode.swift; name = EditMovie3ViewController.swift; path = EditMovie/EditMovie3ViewController.swift; sourceTree = "<group>"; };
		CBF0178A1AC3B50100DFBA58 /* CoreVideo.framework */ = {isa = PBXFileReference; lastKnownFileType = wrapper.framework; name = CoreVideo.framework; path = System/Library/Frameworks/CoreVideo.framework; sourceTree = SDKROOT; };
		CBF0178C1AC3B72900DFBA58 /* AVKit.framework */ = {isa = PBXFileReference; lastKnownFileType = wrapper.framework; name = AVKit.framework; path = System/Library/Frameworks/AVKit.framework; sourceTree = SDKROOT; };
/* End PBXFileReference section */

/* Begin PBXFrameworksBuildPhase section */
		CBC042601A25FC8800597951 /* Frameworks */ = {
			isa = PBXFrameworksBuildPhase;
			buildActionMask = 2147483647;
			files = (
				CBF0178D1AC3B72900DFBA58 /* AVKit.framework in Frameworks */,
				CBF0178B1AC3B50100DFBA58 /* CoreVideo.framework in Frameworks */,
				CB2BD8971ABA7FE9008D5C37 /* CoreMedia.framework in Frameworks */,
				CB1CF7E31A84EE5600CCF560 /* CoreTelephony.framework in Frameworks */,
				CB2645931AA9CD120062073A /* Accounts.framework in Frameworks */,
				CB2645911AA9CD040062073A /* Social.framework in Frameworks */,
				CBC49ACC1AA9C83600701E86 /* libsqlite3.dylib in Frameworks */,
				CB1CF7DF1A84EE3D00CCF560 /* SystemConfiguration.framework in Frameworks */,
				CBC49AC81AA9C7F400701E86 /* CoreLocation.framework in Frameworks */,
				CBC49AC61AA9C7EA00701E86 /* CoreGraphics.framework in Frameworks */,
				CBC49AC41AA9C7E100701E86 /* CFNetwork.framework in Frameworks */,
				CBC49AC21AA9C7D900701E86 /* AudioToolbox.framework in Frameworks */,
				CBC49AC01AA9C68100701E86 /* MobileCoreServices.framework in Frameworks */,
				CB8669F01AC46911004AA1E7 /* GPUImage.framework in Frameworks */,
				CB1CF7EB1A84EE8300CCF560 /* Security.framework in Frameworks */,
				CBC49ABE1AA9C66200701E86 /* StoreKit.framework in Frameworks */,
				CBC9CA141A88A4B900FAAE6D /* libWeChatSDK.a in Frameworks */,
				CBC9CA0D1A88A4B900FAAE6D /* WeChatConnection.framework in Frameworks */,
				CBDD6E451AB665F00044723C /* AVOSCloudSNS.framework in Frameworks */,
				CBC9C9531A889FB400FAAE6D /* ImageIO.framework in Frameworks */,
				CBC9CA0B1A88A4B900FAAE6D /* FacebookConnection.framework in Frameworks */,
				CBC9CA101A88A4B900FAAE6D /* ShareSDKCoreService.framework in Frameworks */,
				CB1CF7E91A84EE7A00CCF560 /* libz.1.2.5.dylib in Frameworks */,
				CBC9CA0C1A88A4B900FAAE6D /* SinaWeiboConnection.framework in Frameworks */,
				CBDD6E431AB665E70044723C /* AVOSCloud.framework in Frameworks */,
				CB1CF7E51A84EE6200CCF560 /* libicucore.dylib in Frameworks */,
				CBC9CA1A1A88A4B900FAAE6D /* ShareSDKiPhoneDefaultShareViewUI.framework in Frameworks */,
				CBC9CA151A88A4B900FAAE6D /* ShareSDK.framework in Frameworks */,
				CBC9CA1C1A88A4B900FAAE6D /* ShareSDKiPhoneSimpleShareViewUI.framework in Frameworks */,
				CBC9CA131A88A4B900FAAE6D /* libWeiboSDK.a in Frameworks */,
				CBC9CA0E1A88A4B900FAAE6D /* AGCommon.framework in Frameworks */,
				CB1CF7E11A84EE4B00CCF560 /* QuartzCore.framework in Frameworks */,
				CBC9CA181A88A4B900FAAE6D /* ShareSDKShareActionSheet.framework in Frameworks */,
				CBC9CA171A88A4B900FAAE6D /* ShareSDKFlatShareViewUI.framework in Frameworks */,
			);
			runOnlyForDeploymentPostprocessing = 0;
		};
		CBC042771A25FC8800597951 /* Frameworks */ = {
			isa = PBXFrameworksBuildPhase;
			buildActionMask = 2147483647;
			files = (
			);
			runOnlyForDeploymentPostprocessing = 0;
		};
/* End PBXFrameworksBuildPhase section */

/* Begin PBXGroup section */
		CB16507E1A3164A200AB25DD /* EditMovie */ = {
			isa = PBXGroup;
			children = (
				CBD1AE251AD675B200874D46 /* EditMovieViewController.swift */,
				CBD1AE4B1AD7AE6200874D46 /* FilterCollectionViewCell.swift */,
				CBD1AE491AD7A70C00874D46 /* FilterCollectionViewController.swift */,
				CB16507F1A3164E200AB25DD /* MoviePreviewView.swift */,
				CB1650811A31652700AB25DD /* EditMovie1ViewController.swift */,
				CB32669F1AC18A3800F41E47 /* EditMovie2ViewController.swift */,
				CBF017871AC3902F00DFBA58 /* EditMovie3ViewController.swift */,
			);
			name = EditMovie;
			sourceTree = "<group>";
		};
		CB1650831A3166C300AB25DD /* TakeMovie */ = {
			isa = PBXGroup;
			children = (
				CBB38B5F1A2F10B600610CB1 /* TakeMovieView.swift */,
				CB5C77231A2D68A5007ACD7E /* TakeMovieViewController.swift */,
			);
			name = TakeMovie;
			sourceTree = "<group>";
		};
		CB1650841A3166E200AB25DD /* MainTab */ = {
			isa = PBXGroup;
			children = (
				CB6DE03A1ABC2381004831F3 /* VideoMasterViewController.swift */,
				CB1E9F6A1AC0076E00D32C8E /* VideoMasterCell.swift */,
				CB5C77271A2DA4E5007ACD7E /* HomeViewController.swift */,
				CBC0426A1A25FC8800597951 /* MainTabViewController.swift */,
				CBC0426C1A25FC8800597951 /* AccountViewController.swift */,
				CB5C772A1A2E0C9C007ACD7E /* PreTakeMovieViewController.swift */,
			);
			path = MainTab;
			sourceTree = "<group>";
		};
		CB1CF79D1A84828200CCF560 /* UI */ = {
			isa = PBXGroup;
			children = (
				CB1CF79E1A8482A500CCF560 /* BorderTextView.swift */,
				CBD1AE451AD76F0C00874D46 /* FiltersView.swift */,
				CBD1AE471AD7793B00874D46 /* MyImageButton.swift */,
			);
			path = UI;
			sourceTree = "<group>";
		};
		CB2BD8861AB969AB008D5C37 /* Account */ = {
			isa = PBXGroup;
			children = (
				CBD07A3F1AAAFCD600963F4A /* LoginViewController.swift */,
				CB84A6A51AB90CA9004D88F7 /* RegisterViewController.swift */,
				CB2BD8871AB969CA008D5C37 /* AccountUtils.swift */,
			);
			name = Account;
			sourceTree = "<group>";
		};
		CB2BD8891ABA7FB2008D5C37 /* SAVideoRangeSlider */ = {
			isa = PBXGroup;
			children = (
				CB2BD88A1ABA7FB2008D5C37 /* SAResizibleBubble.h */,
				CB2BD88B1ABA7FB2008D5C37 /* SAResizibleBubble.m */,
				CB2BD88C1ABA7FB2008D5C37 /* SASliderLeft.h */,
				CB2BD88D1ABA7FB2008D5C37 /* SASliderLeft.m */,
				CB2BD88E1ABA7FB2008D5C37 /* SASliderRight.h */,
				CB2BD88F1ABA7FB2008D5C37 /* SASliderRight.m */,
				CB2BD8901ABA7FB2008D5C37 /* SAVideoRangeSlider.h */,
				CB2BD8911ABA7FB2008D5C37 /* SAVideoRangeSlider.m */,
			);
			path = SAVideoRangeSlider;
			sourceTree = "<group>";
		};
		CB2BD89F1ABBC24E008D5C37 /* SDWebImage */ = {
			isa = PBXGroup;
			children = (
				CB2BD8A01ABBC24E008D5C37 /* MKAnnotationView+WebCache.h */,
				CB2BD8A11ABBC24E008D5C37 /* MKAnnotationView+WebCache.m */,
				CB2BD8A21ABBC24E008D5C37 /* NSData+ImageContentType.h */,
				CB2BD8A31ABBC24E008D5C37 /* NSData+ImageContentType.m */,
				CB2BD8A41ABBC24E008D5C37 /* SDImageCache.h */,
				CB2BD8A51ABBC24E008D5C37 /* SDImageCache.m */,
				CB2BD8A61ABBC24E008D5C37 /* SDWebImageCompat.h */,
				CB2BD8A71ABBC24E008D5C37 /* SDWebImageCompat.m */,
				CB2BD8A81ABBC24E008D5C37 /* SDWebImageDecoder.h */,
				CB2BD8A91ABBC24E008D5C37 /* SDWebImageDecoder.m */,
				CB2BD8AA1ABBC24E008D5C37 /* SDWebImageDownloader.h */,
				CB2BD8AB1ABBC24E008D5C37 /* SDWebImageDownloader.m */,
				CB2BD8AC1ABBC24E008D5C37 /* SDWebImageDownloaderOperation.h */,
				CB2BD8AD1ABBC24E008D5C37 /* SDWebImageDownloaderOperation.m */,
				CB2BD8AE1ABBC24E008D5C37 /* SDWebImageManager.h */,
				CB2BD8AF1ABBC24E008D5C37 /* SDWebImageManager.m */,
				CB2BD8B01ABBC24E008D5C37 /* SDWebImageOperation.h */,
				CB2BD8B11ABBC24E008D5C37 /* SDWebImagePrefetcher.h */,
				CB2BD8B21ABBC24E008D5C37 /* SDWebImagePrefetcher.m */,
				CB2BD8B31ABBC24E008D5C37 /* UIButton+WebCache.h */,
				CB2BD8B41ABBC24E008D5C37 /* UIButton+WebCache.m */,
				CB2BD8B51ABBC24E008D5C37 /* UIImage+GIF.h */,
				CB2BD8B61ABBC24E008D5C37 /* UIImage+GIF.m */,
				CB2BD8B71ABBC24E008D5C37 /* UIImage+MultiFormat.h */,
				CB2BD8B81ABBC24E008D5C37 /* UIImage+MultiFormat.m */,
				CB2BD8B91ABBC24E008D5C37 /* UIImage+WebP.h */,
				CB2BD8BA1ABBC24E008D5C37 /* UIImage+WebP.m */,
				CB2BD8BB1ABBC24E008D5C37 /* UIImageView+HighlightedWebCache.h */,
				CB2BD8BC1ABBC24E008D5C37 /* UIImageView+HighlightedWebCache.m */,
				CB2BD8BD1ABBC24E008D5C37 /* UIImageView+WebCache.h */,
				CB2BD8BE1ABBC24E008D5C37 /* UIImageView+WebCache.m */,
				CB2BD8BF1ABBC24E008D5C37 /* UIView+WebCacheOperation.h */,
				CB2BD8C01ABBC24E008D5C37 /* UIView+WebCacheOperation.m */,
			);
			path = SDWebImage;
			sourceTree = "<group>";
		};
		CB687BAE1A81096700D1DFA4 /* StillMovie */ = {
			isa = PBXGroup;
			children = (
				CB687BAF1A810A8D00D1DFA4 /* StillMovieEffect.swift */,
				CBD847511A354A31002A261A /* GenerateMovieFromImage.swift */,
				CBD847561A35AE6F002A261A /* GenerateMovieFromImage.h */,
				CBD847541A359162002A261A /* GenerateMovieFromImage.m */,
			);
			path = StillMovie;
			sourceTree = "<group>";
		};
		CB6DE0391ABC2352004831F3 /* Home */ = {
			isa = PBXGroup;
			children = (
			);
			path = Home;
			sourceTree = "<group>";
		};
		CB6E025B1AAA881C00453435 /* Frameworks */ = {
			isa = PBXGroup;
			children = (
				CB8669EF1AC46911004AA1E7 /* GPUImage.framework */,
				CBF0178C1AC3B72900DFBA58 /* AVKit.framework */,
				CBF0178A1AC3B50100DFBA58 /* CoreVideo.framework */,
				CB2BD8961ABA7FE9008D5C37 /* CoreMedia.framework */,
				CB2645921AA9CD120062073A /* Accounts.framework */,
				CB2645901AA9CD040062073A /* Social.framework */,
				CBC49ACB1AA9C83600701E86 /* libsqlite3.dylib */,
				CBC49AC71AA9C7F400701E86 /* CoreLocation.framework */,
				CBC49AC51AA9C7EA00701E86 /* CoreGraphics.framework */,
				CBC49AC31AA9C7E100701E86 /* CFNetwork.framework */,
				CBC49AC11AA9C7D900701E86 /* AudioToolbox.framework */,
				CBC49ABF1AA9C68100701E86 /* MobileCoreServices.framework */,
				CBC49ABD1AA9C66200701E86 /* StoreKit.framework */,
				CBC9C9521A889FB400FAAE6D /* ImageIO.framework */,
				CB1CF7EA1A84EE8300CCF560 /* Security.framework */,
				CB1CF7E81A84EE7A00CCF560 /* libz.1.2.5.dylib */,
				CB1CF7E41A84EE6200CCF560 /* libicucore.dylib */,
				CB1CF7E21A84EE5600CCF560 /* CoreTelephony.framework */,
				CB1CF7E01A84EE4B00CCF560 /* QuartzCore.framework */,
				CB1CF7DE1A84EE3D00CCF560 /* SystemConfiguration.framework */,
			);
			name = Frameworks;
			sourceTree = "<group>";
		};
		CB8EEF021AB03DE900848104 /* libs */ = {
			isa = PBXGroup;
			children = (
				CB8EEF031AB03E0300848104 /* utils.swift */,
			);
			name = libs;
			sourceTree = "<group>";
		};
		CB95D6C11A81D475000F3BD5 /* ShareMovie */ = {
			isa = PBXGroup;
			children = (
				CB95D6C21A820308000F3BD5 /* ShareMovieViewController.swift */,
			);
			name = ShareMovie;
			sourceTree = "<group>";
		};
		CBC0425A1A25FC8800597951 = {
			isa = PBXGroup;
			children = (
				CB6E025B1AAA881C00453435 /* Frameworks */,
				CBC042651A25FC8800597951 /* ICamMov */,
				CBC0427D1A25FC8800597951 /* ICamMovTests */,
				CBC042641A25FC8800597951 /* Products */,
			);
			sourceTree = "<group>";
		};
		CBC042641A25FC8800597951 /* Products */ = {
			isa = PBXGroup;
			children = (
				CBC042631A25FC8800597951 /* MagicCam.app */,
				CBC0427A1A25FC8800597951 /* ICamMovTests.xctest */,
			);
			name = Products;
			sourceTree = "<group>";
		};
		CBC042651A25FC8800597951 /* ICamMov */ = {
			isa = PBXGroup;
			children = (
				CBD1AE4F1AD8C73F00874D46 /* test.mp4 */,
				CBD5EDF81AC2BFAA006861DD /* test2.mp4 */,
				CBDD6E491AB6B2BC0044723C /* i.png */,
				CB2BD8981ABAB13D008D5C37 /* test.swift */,
				CB9A208C1ABFA9EC00CC0249 /* Model.swift */,
				CBD1AE4D1AD7C47400874D46 /* MyExtensions.swift */,
				CBB8B08D1ABC7B65002944C1 /* Constants.swift */,
				CBB8B08C1ABC61D1002944C1 /* MyPlayground.playground */,
				CB2BD89C1ABAB7FD008D5C37 /* ViewController.h */,
				CB2BD89D1ABAB7FD008D5C37 /* ViewController.m */,
				CB6DE0391ABC2352004831F3 /* Home */,
				CB2BD89F1ABBC24E008D5C37 /* SDWebImage */,
				CBDD6E3F1AB6624C0044723C /* AVOS */,
				CBC9C9ED1A88A4B900FAAE6D /* ShareSDK */,
				CB2BD8891ABA7FB2008D5C37 /* SAVideoRangeSlider */,
				CB2BD8861AB969AB008D5C37 /* Account */,
				CB8EEF021AB03DE900848104 /* libs */,
				CBD847531A359162002A261A /* ICamMov-Bridging-Header.h */,
				CBC042681A25FC8800597951 /* AppDelegate.swift */,
				CB1650841A3166E200AB25DD /* MainTab */,
				CB1650831A3166C300AB25DD /* TakeMovie */,
				CB16507E1A3164A200AB25DD /* EditMovie */,
				CB95D6C11A81D475000F3BD5 /* ShareMovie */,
				CBF5368A1A7F8310002CED5E /* Effects */,
				CB1CF79D1A84828200CCF560 /* UI */,
				CBD1AE091AD672F300874D46 /* SunsetCImage */,
				CBC0426E1A25FC8800597951 /* Main.storyboard */,
				CBC042711A25FC8800597951 /* Images.xcassets */,
				CBC042731A25FC8800597951 /* LaunchScreen.xib */,
				CBC042661A25FC8800597951 /* Supporting Files */,
			);
			path = ICamMov;
			sourceTree = "<group>";
		};
		CBC042661A25FC8800597951 /* Supporting Files */ = {
			isa = PBXGroup;
			children = (
				CBC042671A25FC8800597951 /* Info.plist */,
			);
			name = "Supporting Files";
			sourceTree = "<group>";
		};
		CBC0427D1A25FC8800597951 /* ICamMovTests */ = {
			isa = PBXGroup;
			children = (
				CBC042801A25FC8800597951 /* ICamMovTests.swift */,
				CBC0427E1A25FC8800597951 /* Supporting Files */,
			);
			path = ICamMovTests;
			sourceTree = "<group>";
		};
		CBC0427E1A25FC8800597951 /* Supporting Files */ = {
			isa = PBXGroup;
			children = (
				CBC0427F1A25FC8800597951 /* Info.plist */,
			);
			name = "Supporting Files";
			sourceTree = "<group>";
		};
		CBC9C9ED1A88A4B900FAAE6D /* ShareSDK */ = {
			isa = PBXGroup;
			children = (
				CBC9C9EE1A88A4B900FAAE6D /* Connection */,
				CBC9C9F21A88A4B900FAAE6D /* Core */,
				CBC9C9F91A88A4B900FAAE6D /* Extend */,
				CBC9CA021A88A4B900FAAE6D /* ShareSDK.framework */,
				CBC9CA031A88A4B900FAAE6D /* UI */,
			);
			path = ShareSDK;
			sourceTree = "<group>";
		};
		CBC9C9EE1A88A4B900FAAE6D /* Connection */ = {
			isa = PBXGroup;
			children = (
				CBC9C9EF1A88A4B900FAAE6D /* FacebookConnection.framework */,
				CBC9C9F01A88A4B900FAAE6D /* SinaWeiboConnection.framework */,
				CBC9C9F11A88A4B900FAAE6D /* WeChatConnection.framework */,
			);
			path = Connection;
			sourceTree = "<group>";
		};
		CBC9C9F21A88A4B900FAAE6D /* Core */ = {
			isa = PBXGroup;
			children = (
				CBC9C9F31A88A4B900FAAE6D /* AGCommon.framework */,
				CBC9C9F41A88A4B900FAAE6D /* Resource.bundle */,
				CBC9C9F51A88A4B900FAAE6D /* ShareSDKCoreService.framework */,
				CBC9C9F61A88A4B900FAAE6D /* ShareSDKLocalizable.strings */,
			);
			path = Core;
			sourceTree = "<group>";
		};
		CBC9C9F91A88A4B900FAAE6D /* Extend */ = {
			isa = PBXGroup;
			children = (
				CBC9C9FA1A88A4B900FAAE6D /* SinaWeiboSDK */,
				CBC9C9FE1A88A4B900FAAE6D /* WeChatSDK */,
			);
			path = Extend;
			sourceTree = "<group>";
		};
		CBC9C9FA1A88A4B900FAAE6D /* SinaWeiboSDK */ = {
			isa = PBXGroup;
			children = (
				CBC9C9FB1A88A4B900FAAE6D /* WeiboSDK.bundle */,
				CBC9C9FC1A88A4B900FAAE6D /* WeiboSDK.h */,
				CBC9C9FD1A88A4B900FAAE6D /* libWeiboSDK.a */,
			);
			path = SinaWeiboSDK;
			sourceTree = "<group>";
		};
		CBC9C9FE1A88A4B900FAAE6D /* WeChatSDK */ = {
			isa = PBXGroup;
			children = (
				CBC9C9FF1A88A4B900FAAE6D /* WXApi.h */,
				CBC9CA001A88A4B900FAAE6D /* WXApiObject.h */,
				CBC9CA011A88A4B900FAAE6D /* libWeChatSDK.a */,
			);
			path = WeChatSDK;
			sourceTree = "<group>";
		};
		CBC9CA031A88A4B900FAAE6D /* UI */ = {
			isa = PBXGroup;
			children = (
				CBC9CA041A88A4B900FAAE6D /* ShareSDKFlatShareViewUI.bundle */,
				CBC9CA051A88A4B900FAAE6D /* ShareSDKFlatShareViewUI.framework */,
				CBC9CA061A88A4B900FAAE6D /* ShareSDKShareActionSheet.framework */,
				CBC9CA071A88A4B900FAAE6D /* ShareSDKiPhoneDefaultShareViewUI.bundle */,
				CBC9CA081A88A4B900FAAE6D /* ShareSDKiPhoneDefaultShareViewUI.framework */,
				CBC9CA091A88A4B900FAAE6D /* ShareSDKiPhoneSimpleShareViewUI.bundle */,
				CBC9CA0A1A88A4B900FAAE6D /* ShareSDKiPhoneSimpleShareViewUI.framework */,
			);
			path = UI;
			sourceTree = "<group>";
		};
		CBD1AE091AD672F300874D46 /* SunsetCImage */ = {
			isa = PBXGroup;
			children = (
				CBD1AE0A1AD672F300874D46 /* Filters */,
				CBD1AE0C1AD672F300874D46 /* Output */,
				CBD1AE0F1AD672F300874D46 /* Sources */,
				CBD1AE171AD672F300874D46 /* SunetPlayerViewController.swift */,
				CBD1AE181AD672F300874D46 /* SunsetPlayerView.xib */,
				CBD1AE191AD672F300874D46 /* SunsetUtils.swift */,
				CBD1AE511AD8D37100874D46 /* icons.xcassets */,
			);
			path = SunsetCImage;
			sourceTree = "<group>";
		};
		CBD1AE0A1AD672F300874D46 /* Filters */ = {
			isa = PBXGroup;
			children = (
				CBD1AE0B1AD672F300874D46 /* SunsetFilter.swift */,
			);
			path = Filters;
			sourceTree = "<group>";
		};
		CBD1AE0C1AD672F300874D46 /* Output */ = {
			isa = PBXGroup;
			children = (
				CBD1AE0D1AD672F300874D46 /* SunsetMovieWriter.swift */,
				CBD1AE0E1AD672F300874D46 /* SunsetView.swift */,
			);
			path = Output;
			sourceTree = "<group>";
		};
		CBD1AE0F1AD672F300874D46 /* Sources */ = {
			isa = PBXGroup;
			children = (
				CBD1AE101AD672F300874D46 /* AudioTapProcessor */,
				CBD1AE141AD672F300874D46 /* SunsetInputDelegate.swift */,
				CBD1AE151AD672F300874D46 /* SunsetMovie.swift */,
				CBD1AE161AD672F300874D46 /* SunsetOutput.swift */,
			);
			path = Sources;
			sourceTree = "<group>";
		};
		CBD1AE101AD672F300874D46 /* AudioTapProcessor */ = {
			isa = PBXGroup;
			children = (
				CBD1AE111AD672F300874D46 /* AudioTapProcessor.swift */,
				CBD1AE121AD672F300874D46 /* SunsetAudioTapProcessor.h */,
				CBD1AE131AD672F300874D46 /* SunsetAudioTapProcessor.m */,
			);
			path = AudioTapProcessor;
			sourceTree = "<group>";
		};
		CBDD6E3F1AB6624C0044723C /* AVOS */ = {
			isa = PBXGroup;
			children = (
				CBDD6E441AB665F00044723C /* AVOSCloudSNS.framework */,
				CBDD6E421AB665E70044723C /* AVOSCloud.framework */,
			);
			name = AVOS;
			sourceTree = "<group>";
		};
		CBF5368A1A7F8310002CED5E /* Effects */ = {
			isa = PBXGroup;
			children = (
				CB687BB11A810BA600D1DFA4 /* EffectsProtocol.swift */,
				CB687BAE1A81096700D1DFA4 /* StillMovie */,
			);
			path = Effects;
			sourceTree = "<group>";
		};
/* End PBXGroup section */

/* Begin PBXNativeTarget section */
		CBC042621A25FC8800597951 /* ICamMov */ = {
			isa = PBXNativeTarget;
			buildConfigurationList = CBC042841A25FC8800597951 /* Build configuration list for PBXNativeTarget "ICamMov" */;
			buildPhases = (
				CBC0425F1A25FC8800597951 /* Sources */,
				CBC042601A25FC8800597951 /* Frameworks */,
				CBC042611A25FC8800597951 /* Resources */,
				CB8669F11AC46962004AA1E7 /* CopyFiles */,
			);
			buildRules = (
			);
			dependencies = (
			);
			name = ICamMov;
			productName = TryDemo;
			productReference = CBC042631A25FC8800597951 /* MagicCam.app */;
			productType = "com.apple.product-type.application";
		};
		CBC042791A25FC8800597951 /* ICamMovTests */ = {
			isa = PBXNativeTarget;
			buildConfigurationList = CBC042871A25FC8800597951 /* Build configuration list for PBXNativeTarget "ICamMovTests" */;
			buildPhases = (
				CBC042761A25FC8800597951 /* Sources */,
				CBC042771A25FC8800597951 /* Frameworks */,
				CBC042781A25FC8800597951 /* Resources */,
			);
			buildRules = (
			);
			dependencies = (
				CBC0427C1A25FC8800597951 /* PBXTargetDependency */,
			);
			name = ICamMovTests;
			productName = TryDemoTests;
			productReference = CBC0427A1A25FC8800597951 /* ICamMovTests.xctest */;
			productType = "com.apple.product-type.bundle.unit-test";
		};
/* End PBXNativeTarget section */

/* Begin PBXProject section */
		CBC0425B1A25FC8800597951 /* Project object */ = {
			isa = PBXProject;
			attributes = {
				LastUpgradeCheck = 0610;
				ORGANIZATIONNAME = sunset;
				TargetAttributes = {
					CBC042621A25FC8800597951 = {
						CreatedOnToolsVersion = 6.1;
						DevelopmentTeam = FL2H8E474Y;
					};
					CBC042791A25FC8800597951 = {
						CreatedOnToolsVersion = 6.1;
						TestTargetID = CBC042621A25FC8800597951;
					};
				};
			};
			buildConfigurationList = CBC0425E1A25FC8800597951 /* Build configuration list for PBXProject "ICamMov" */;
			compatibilityVersion = "Xcode 3.2";
			developmentRegion = English;
			hasScannedForEncodings = 0;
			knownRegions = (
				en,
				Base,
				"zh-Hans",
			);
			mainGroup = CBC0425A1A25FC8800597951;
			productRefGroup = CBC042641A25FC8800597951 /* Products */;
			projectDirPath = "";
			projectRoot = "";
			targets = (
				CBC042621A25FC8800597951 /* ICamMov */,
				CBC042791A25FC8800597951 /* ICamMovTests */,
			);
		};
/* End PBXProject section */

/* Begin PBXResourcesBuildPhase section */
		CBC042611A25FC8800597951 /* Resources */ = {
			isa = PBXResourcesBuildPhase;
			buildActionMask = 2147483647;
			files = (
				CBDD6E4D1AB6B3220044723C /* Main.storyboard in Resources */,
				CBDD6E4E1AB6B3220044723C /* LaunchScreen.xib in Resources */,
				CBD1AE501AD8C73F00874D46 /* test.mp4 in Resources */,
				CBD5EDF91AC2BFAA006861DD /* test2.mp4 in Resources */,
				CBC9CA191A88A4B900FAAE6D /* ShareSDKiPhoneDefaultShareViewUI.bundle in Resources */,
				CBD1AE231AD672F300874D46 /* SunsetPlayerView.xib in Resources */,
				CBC9CA1B1A88A4B900FAAE6D /* ShareSDKiPhoneSimpleShareViewUI.bundle in Resources */,
				CBC9CA161A88A4B900FAAE6D /* ShareSDKFlatShareViewUI.bundle in Resources */,
				CBC9CA111A88A4B900FAAE6D /* ShareSDKLocalizable.strings in Resources */,
				CBC9CA121A88A4B900FAAE6D /* WeiboSDK.bundle in Resources */,
				CBD1AE521AD8D37100874D46 /* icons.xcassets in Resources */,
				CBDD6E4A1AB6B2BC0044723C /* i.png in Resources */,
				CBC042721A25FC8800597951 /* Images.xcassets in Resources */,
				CBC9CA0F1A88A4B900FAAE6D /* Resource.bundle in Resources */,
			);
			runOnlyForDeploymentPostprocessing = 0;
		};
		CBC042781A25FC8800597951 /* Resources */ = {
			isa = PBXResourcesBuildPhase;
			buildActionMask = 2147483647;
			files = (
			);
			runOnlyForDeploymentPostprocessing = 0;
		};
/* End PBXResourcesBuildPhase section */

/* Begin PBXSourcesBuildPhase section */
		CBC0425F1A25FC8800597951 /* Sources */ = {
			isa = PBXSourcesBuildPhase;
			buildActionMask = 2147483647;
			files = (
				CB687BB01A810A8D00D1DFA4 /* StillMovieEffect.swift in Sources */,
				CB2BD8D01ABBC24E008D5C37 /* UIView+WebCacheOperation.m in Sources */,
				CBD1AE211AD672F300874D46 /* SunsetOutput.swift in Sources */,
				CB5C772B1A2E0C9C007ACD7E /* PreTakeMovieViewController.swift in Sources */,
				CB2BD8CF1ABBC24E008D5C37 /* UIImageView+WebCache.m in Sources */,
				CB5C77281A2DA4E5007ACD7E /* HomeViewController.swift in Sources */,
				CB2BD8951ABA7FB2008D5C37 /* SAVideoRangeSlider.m in Sources */,
				CB2BD8C21ABBC24E008D5C37 /* NSData+ImageContentType.m in Sources */,
				CB5C77241A2D68A5007ACD7E /* TakeMovieViewController.swift in Sources */,
				CBB8B08E1ABC7B65002944C1 /* Constants.swift in Sources */,
				CB2BD8881AB969CA008D5C37 /* AccountUtils.swift in Sources */,
				CBD1AE1D1AD672F300874D46 /* AudioTapProcessor.swift in Sources */,
				CBD1AE1C1AD672F300874D46 /* SunsetView.swift in Sources */,
				CBD1AE221AD672F300874D46 /* SunetPlayerViewController.swift in Sources */,
				CB2BD8CA1ABBC24E008D5C37 /* UIButton+WebCache.m in Sources */,
				CB2BD8C91ABBC24E008D5C37 /* SDWebImagePrefetcher.m in Sources */,
				CBB38B601A2F10B600610CB1 /* TakeMovieView.swift in Sources */,
				CB1CF79F1A8482A500CCF560 /* BorderTextView.swift in Sources */,
				CB2BD8921ABA7FB2008D5C37 /* SAResizibleBubble.m in Sources */,
				CB2BD8CE1ABBC24E008D5C37 /* UIImageView+HighlightedWebCache.m in Sources */,
				CB687BB21A810BA600D1DFA4 /* EffectsProtocol.swift in Sources */,
				CBC0426D1A25FC8800597951 /* AccountViewController.swift in Sources */,
				CB2BD8C81ABBC24E008D5C37 /* SDWebImageManager.m in Sources */,
				CBD1AE1E1AD672F300874D46 /* SunsetAudioTapProcessor.m in Sources */,
				CB9A208D1ABFA9EC00CC0249 /* Model.swift in Sources */,
				CBD847521A354A31002A261A /* GenerateMovieFromImage.swift in Sources */,
				CB84A6A61AB90CA9004D88F7 /* RegisterViewController.swift in Sources */,
				CB3266A01AC18A3800F41E47 /* EditMovie2ViewController.swift in Sources */,
				CB2BD8991ABAB13D008D5C37 /* test.swift in Sources */,
				CBF017881AC3902F00DFBA58 /* EditMovie3ViewController.swift in Sources */,
				CB2BD8CB1ABBC24E008D5C37 /* UIImage+GIF.m in Sources */,
				CBD847551A359162002A261A /* GenerateMovieFromImage.m in Sources */,
				CB95D6C31A820308000F3BD5 /* ShareMovieViewController.swift in Sources */,
				CBC042691A25FC8800597951 /* AppDelegate.swift in Sources */,
				CBD1AE461AD76F0C00874D46 /* FiltersView.swift in Sources */,
				CB2BD8CC1ABBC24E008D5C37 /* UIImage+MultiFormat.m in Sources */,
				CB2BD8C71ABBC24E008D5C37 /* SDWebImageDownloaderOperation.m in Sources */,
				CB1E9F6B1AC0076E00D32C8E /* VideoMasterCell.swift in Sources */,
				CBD07A401AAAFCD600963F4A /* LoginViewController.swift in Sources */,
				CB1650821A31652700AB25DD /* EditMovie1ViewController.swift in Sources */,
				CB2BD8931ABA7FB2008D5C37 /* SASliderLeft.m in Sources */,
				CBC0426B1A25FC8800597951 /* MainTabViewController.swift in Sources */,
				CBD1AE4E1AD7C47400874D46 /* MyExtensions.swift in Sources */,
				CB2BD8C51ABBC24E008D5C37 /* SDWebImageDecoder.m in Sources */,
				CBD1AE1F1AD672F300874D46 /* SunsetInputDelegate.swift in Sources */,
				CBD1AE4C1AD7AE6200874D46 /* FilterCollectionViewCell.swift in Sources */,
				CBD1AE1A1AD672F300874D46 /* SunsetFilter.swift in Sources */,
				CB2BD8CD1ABBC24E008D5C37 /* UIImage+WebP.m in Sources */,
				CB2BD8C41ABBC24E008D5C37 /* SDWebImageCompat.m in Sources */,
				CBD1AE201AD672F300874D46 /* SunsetMovie.swift in Sources */,
				CB1650801A3164E200AB25DD /* MoviePreviewView.swift in Sources */,
				CBD1AE1B1AD672F300874D46 /* SunsetMovieWriter.swift in Sources */,
				CB8EEF041AB03E0300848104 /* utils.swift in Sources */,
				CB2BD8C61ABBC24E008D5C37 /* SDWebImageDownloader.m in Sources */,
				CB2BD8C11ABBC24E008D5C37 /* MKAnnotationView+WebCache.m in Sources */,
				CB2BD8941ABA7FB2008D5C37 /* SASliderRight.m in Sources */,
				CBD1AE4A1AD7A70C00874D46 /* FilterCollectionViewController.swift in Sources */,
				CBD1AE261AD675B200874D46 /* EditMovieViewController.swift in Sources */,
				CBD1AE241AD672F300874D46 /* SunsetUtils.swift in Sources */,
				CB2BD89E1ABAB7FD008D5C37 /* ViewController.m in Sources */,
				CB6DE03B1ABC2381004831F3 /* VideoMasterViewController.swift in Sources */,
				CB2BD8C31ABBC24E008D5C37 /* SDImageCache.m in Sources */,
				CBD1AE481AD7793B00874D46 /* MyImageButton.swift in Sources */,
			);
			runOnlyForDeploymentPostprocessing = 0;
		};
		CBC042761A25FC8800597951 /* Sources */ = {
			isa = PBXSourcesBuildPhase;
			buildActionMask = 2147483647;
			files = (
				CBC042811A25FC8800597951 /* ICamMovTests.swift in Sources */,
			);
			runOnlyForDeploymentPostprocessing = 0;
		};
/* End PBXSourcesBuildPhase section */

/* Begin PBXTargetDependency section */
		CBC0427C1A25FC8800597951 /* PBXTargetDependency */ = {
			isa = PBXTargetDependency;
			target = CBC042621A25FC8800597951 /* ICamMov */;
			targetProxy = CBC0427B1A25FC8800597951 /* PBXContainerItemProxy */;
		};
/* End PBXTargetDependency section */

/* Begin PBXVariantGroup section */
		CBC0426E1A25FC8800597951 /* Main.storyboard */ = {
			isa = PBXVariantGroup;
			children = (
				CBC0426F1A25FC8800597951 /* Base */,
			);
			name = Main.storyboard;
			sourceTree = "<group>";
		};
		CBC042731A25FC8800597951 /* LaunchScreen.xib */ = {
			isa = PBXVariantGroup;
			children = (
				CBC042741A25FC8800597951 /* Base */,
			);
			name = LaunchScreen.xib;
			sourceTree = "<group>";
		};
		CBC9C9F61A88A4B900FAAE6D /* ShareSDKLocalizable.strings */ = {
			isa = PBXVariantGroup;
			children = (
				CBC9C9F71A88A4B900FAAE6D /* en */,
				CBC9C9F81A88A4B900FAAE6D /* zh-Hans */,
			);
			name = ShareSDKLocalizable.strings;
			sourceTree = "<group>";
		};
/* End PBXVariantGroup section */

/* Begin XCBuildConfiguration section */
		CBC042821A25FC8800597951 /* Debug */ = {
			isa = XCBuildConfiguration;
			buildSettings = {
				ALWAYS_SEARCH_USER_PATHS = NO;
				CLANG_CXX_LANGUAGE_STANDARD = "gnu++0x";
				CLANG_CXX_LIBRARY = "libc++";
				CLANG_ENABLE_MODULES = YES;
				CLANG_ENABLE_OBJC_ARC = YES;
				CLANG_WARN_BOOL_CONVERSION = YES;
				CLANG_WARN_CONSTANT_CONVERSION = YES;
				CLANG_WARN_DIRECT_OBJC_ISA_USAGE = YES_ERROR;
				CLANG_WARN_EMPTY_BODY = YES;
				CLANG_WARN_ENUM_CONVERSION = YES;
				CLANG_WARN_INT_CONVERSION = YES;
				CLANG_WARN_OBJC_ROOT_CLASS = YES_ERROR;
				CLANG_WARN_UNREACHABLE_CODE = YES;
				CLANG_WARN__DUPLICATE_METHOD_MATCH = YES;
				CODE_SIGN_IDENTITY = "iPhone Developer: Zongze Chen (EZ3726BMXP)";
				"CODE_SIGN_IDENTITY[sdk=iphoneos*]" = "iPhone Developer: Zongze Chen (EZ3726BMXP)";
				COPY_PHASE_STRIP = NO;
				DEFINES_MODULE = YES;
				ENABLE_STRICT_OBJC_MSGSEND = YES;
				GCC_C_LANGUAGE_STANDARD = gnu99;
				GCC_DYNAMIC_NO_PIC = NO;
				GCC_OPTIMIZATION_LEVEL = 0;
				GCC_PREPROCESSOR_DEFINITIONS = (
					"DEBUG=1",
					"$(inherited)",
				);
				GCC_SYMBOLS_PRIVATE_EXTERN = NO;
				GCC_WARN_64_TO_32_BIT_CONVERSION = YES;
				GCC_WARN_ABOUT_RETURN_TYPE = YES_ERROR;
				GCC_WARN_UNDECLARED_SELECTOR = YES;
				GCC_WARN_UNINITIALIZED_AUTOS = YES_AGGRESSIVE;
				GCC_WARN_UNUSED_FUNCTION = YES;
				GCC_WARN_UNUSED_VARIABLE = YES;
				IPHONEOS_DEPLOYMENT_TARGET = 8.0;
				MTL_ENABLE_DEBUG_INFO = YES;
				ONLY_ACTIVE_ARCH = YES;
				OTHER_LDFLAGS = "-all_load";
				"OTHER_LDFLAGS[arch=*]" = "-all_load";
				SDKROOT = iphoneos;
				SWIFT_OPTIMIZATION_LEVEL = "-Onone";
			};
			name = Debug;
		};
		CBC042831A25FC8800597951 /* Release */ = {
			isa = XCBuildConfiguration;
			buildSettings = {
				ALWAYS_SEARCH_USER_PATHS = NO;
				CLANG_CXX_LANGUAGE_STANDARD = "gnu++0x";
				CLANG_CXX_LIBRARY = "libc++";
				CLANG_ENABLE_MODULES = YES;
				CLANG_ENABLE_OBJC_ARC = YES;
				CLANG_WARN_BOOL_CONVERSION = YES;
				CLANG_WARN_CONSTANT_CONVERSION = YES;
				CLANG_WARN_DIRECT_OBJC_ISA_USAGE = YES_ERROR;
				CLANG_WARN_EMPTY_BODY = YES;
				CLANG_WARN_ENUM_CONVERSION = YES;
				CLANG_WARN_INT_CONVERSION = YES;
				CLANG_WARN_OBJC_ROOT_CLASS = YES_ERROR;
				CLANG_WARN_UNREACHABLE_CODE = YES;
				CLANG_WARN__DUPLICATE_METHOD_MATCH = YES;
				CODE_SIGN_IDENTITY = "iPhone Developer: Zongze Chen (EZ3726BMXP)";
				"CODE_SIGN_IDENTITY[sdk=iphoneos*]" = "iPhone Developer: Zongze Chen (EZ3726BMXP)";
				COPY_PHASE_STRIP = YES;
				DEFINES_MODULE = YES;
				ENABLE_NS_ASSERTIONS = NO;
				ENABLE_STRICT_OBJC_MSGSEND = YES;
				GCC_C_LANGUAGE_STANDARD = gnu99;
				GCC_WARN_64_TO_32_BIT_CONVERSION = YES;
				GCC_WARN_ABOUT_RETURN_TYPE = YES_ERROR;
				GCC_WARN_UNDECLARED_SELECTOR = YES;
				GCC_WARN_UNINITIALIZED_AUTOS = YES_AGGRESSIVE;
				GCC_WARN_UNUSED_FUNCTION = YES;
				GCC_WARN_UNUSED_VARIABLE = YES;
				IPHONEOS_DEPLOYMENT_TARGET = 8.0;
				MTL_ENABLE_DEBUG_INFO = NO;
				OTHER_LDFLAGS = "-all_load";
				"OTHER_LDFLAGS[arch=*]" = "-all_load";
				SDKROOT = iphoneos;
				VALIDATE_PRODUCT = YES;
			};
			name = Release;
		};
		CBC042851A25FC8800597951 /* Debug */ = {
			isa = XCBuildConfiguration;
			buildSettings = {
				ASSETCATALOG_COMPILER_APPICON_NAME = AppIcon;
				ASSETCATALOG_COMPILER_LAUNCHIMAGE_NAME = LaunchImage;
				CLANG_ENABLE_MODULES = YES;
				CODE_SIGN_IDENTITY = "iPhone Developer: Zongze Chen (EZ3726BMXP)";
				"CODE_SIGN_IDENTITY[sdk=iphoneos*]" = "iPhone Developer: Zongze Chen (EZ3726BMXP)";
				FRAMEWORK_SEARCH_PATHS = (
					"$(inherited)",
					"$(PROJECT_DIR)/ICamMov/ShareSDK/Connection",
					"$(PROJECT_DIR)/ICamMov/ShareSDK/Core",
					"$(PROJECT_DIR)/ICamMov/ShareSDK/Extend/QQConnectSDK",
					"$(PROJECT_DIR)/ICamMov/ShareSDK",
					"$(PROJECT_DIR)/ICamMov/ShareSDK/UI",
					"$(PROJECT_DIR)/ICamMov/ShareSDK/Extend/GooglePlusSDK",
					"$(PROJECT_DIR)/ICamMov/ShareSDK/Extend/Pinterest.embeddedframework",
					"$(PROJECT_DIR)/ICamMov/ShareSDK/Extend/RenRenSDK",
					"$(PROJECT_DIR)",
					"$(PROJECT_DIR)/ICamMov",
					"$(PROJECT_DIR)/ICamMov/AVOS",
				);
				INFOPLIST_FILE = ICamMov/Info.plist;
				IPHONEOS_DEPLOYMENT_TARGET = 8.0;
				LD_RUNPATH_SEARCH_PATHS = "$(inherited) @executable_path/Frameworks";
				LIBRARY_SEARCH_PATHS = (
					"$(inherited)",
					"$(PROJECT_DIR)/ICamMov/ShareSDK/Extend/SinaWeiboSDK",
					"$(PROJECT_DIR)/ICamMov/ShareSDK/Extend/WeChatSDK",
					"$(PROJECT_DIR)/ICamMov/ShareSDK/Extend/TencentWeiboSDK",
					"$(PROJECT_DIR)/ICamMov/ShareSDK/Extend/YiXinSDK",
				);
				OTHER_LDFLAGS = "-all_load";
				"OTHER_LDFLAGS[arch=*]" = "-all_load";
				PRODUCT_NAME = MagicCam;
				PROVISIONING_PROFILE = "";
				SWIFT_OBJC_BRIDGING_HEADER = "ICamMov/ICamMov-Bridging-Header.h";
				SWIFT_OPTIMIZATION_LEVEL = "-Onone";
				TARGETED_DEVICE_FAMILY = 1;
			};
			name = Debug;
		};
		CBC042861A25FC8800597951 /* Release */ = {
			isa = XCBuildConfiguration;
			buildSettings = {
				ASSETCATALOG_COMPILER_APPICON_NAME = AppIcon;
				ASSETCATALOG_COMPILER_LAUNCHIMAGE_NAME = LaunchImage;
				CLANG_ENABLE_MODULES = YES;
				CODE_SIGN_IDENTITY = "iPhone Developer: Zongze Chen (EZ3726BMXP)";
				"CODE_SIGN_IDENTITY[sdk=iphoneos*]" = "iPhone Developer: Zongze Chen (EZ3726BMXP)";
				FRAMEWORK_SEARCH_PATHS = (
					"$(inherited)",
					"$(PROJECT_DIR)/ICamMov/ShareSDK/Connection",
					"$(PROJECT_DIR)/ICamMov/ShareSDK/Core",
					"$(PROJECT_DIR)/ICamMov/ShareSDK/Extend/QQConnectSDK",
					"$(PROJECT_DIR)/ICamMov/ShareSDK",
					"$(PROJECT_DIR)/ICamMov/ShareSDK/UI",
					"$(PROJECT_DIR)/ICamMov/ShareSDK/Extend/GooglePlusSDK",
					"$(PROJECT_DIR)/ICamMov/ShareSDK/Extend/Pinterest.embeddedframework",
					"$(PROJECT_DIR)/ICamMov/ShareSDK/Extend/RenRenSDK",
					"$(PROJECT_DIR)",
					"$(PROJECT_DIR)/ICamMov",
					"$(PROJECT_DIR)/ICamMov/AVOS",
				);
				INFOPLIST_FILE = ICamMov/Info.plist;
				IPHONEOS_DEPLOYMENT_TARGET = 8.0;
				LD_RUNPATH_SEARCH_PATHS = "$(inherited) @executable_path/Frameworks";
				LIBRARY_SEARCH_PATHS = (
					"$(inherited)",
					"$(PROJECT_DIR)/ICamMov/ShareSDK/Extend/SinaWeiboSDK",
					"$(PROJECT_DIR)/ICamMov/ShareSDK/Extend/WeChatSDK",
					"$(PROJECT_DIR)/ICamMov/ShareSDK/Extend/TencentWeiboSDK",
					"$(PROJECT_DIR)/ICamMov/ShareSDK/Extend/YiXinSDK",
				);
				OTHER_LDFLAGS = "-all_load";
				"OTHER_LDFLAGS[arch=*]" = "-all_load";
				PRODUCT_NAME = MagicCam;
				PROVISIONING_PROFILE = "";
				SWIFT_OBJC_BRIDGING_HEADER = "ICamMov/ICamMov-Bridging-Header.h";
				TARGETED_DEVICE_FAMILY = 1;
			};
			name = Release;
		};
		CBC042881A25FC8800597951 /* Debug */ = {
			isa = XCBuildConfiguration;
			buildSettings = {
				BUNDLE_LOADER = "$(TEST_HOST)";
				FRAMEWORK_SEARCH_PATHS = (
					"$(SDKROOT)/Developer/Library/Frameworks",
					"$(inherited)",
				);
				GCC_PREPROCESSOR_DEFINITIONS = (
					"DEBUG=1",
					"$(inherited)",
				);
				INFOPLIST_FILE = TryDemoTests/Info.plist;
				LD_RUNPATH_SEARCH_PATHS = "$(inherited) @executable_path/Frameworks @loader_path/Frameworks";
				PRODUCT_NAME = ICamMovTests;
				TEST_HOST = "$(BUILT_PRODUCTS_DIR)/魔视.app/魔视";
			};
			name = Debug;
		};
		CBC042891A25FC8800597951 /* Release */ = {
			isa = XCBuildConfiguration;
			buildSettings = {
				BUNDLE_LOADER = "$(TEST_HOST)";
				FRAMEWORK_SEARCH_PATHS = (
					"$(SDKROOT)/Developer/Library/Frameworks",
					"$(inherited)",
				);
				INFOPLIST_FILE = TryDemoTests/Info.plist;
				LD_RUNPATH_SEARCH_PATHS = "$(inherited) @executable_path/Frameworks @loader_path/Frameworks";
				PRODUCT_NAME = ICamMovTests;
				TEST_HOST = "$(BUILT_PRODUCTS_DIR)/魔视.app/魔视";
			};
			name = Release;
		};
/* End XCBuildConfiguration section */

/* Begin XCConfigurationList section */
		CBC0425E1A25FC8800597951 /* Build configuration list for PBXProject "ICamMov" */ = {
			isa = XCConfigurationList;
			buildConfigurations = (
				CBC042821A25FC8800597951 /* Debug */,
				CBC042831A25FC8800597951 /* Release */,
			);
			defaultConfigurationIsVisible = 0;
			defaultConfigurationName = Release;
		};
		CBC042841A25FC8800597951 /* Build configuration list for PBXNativeTarget "ICamMov" */ = {
			isa = XCConfigurationList;
			buildConfigurations = (
				CBC042851A25FC8800597951 /* Debug */,
				CBC042861A25FC8800597951 /* Release */,
			);
			defaultConfigurationIsVisible = 0;
			defaultConfigurationName = Release;
		};
		CBC042871A25FC8800597951 /* Build configuration list for PBXNativeTarget "ICamMovTests" */ = {
			isa = XCConfigurationList;
			buildConfigurations = (
				CBC042881A25FC8800597951 /* Debug */,
				CBC042891A25FC8800597951 /* Release */,
			);
			defaultConfigurationIsVisible = 0;
			defaultConfigurationName = Release;
		};
/* End XCConfigurationList section */
	};
	rootObject = CBC0425B1A25FC8800597951 /* Project object */;
}
